// !$*UTF8*$!
{
	archiveVersion = 1;
	classes = {
	};
	objectVersion = 54;
	objects = {

/* Begin PBXBuildFile section */
		A24A00000000000000000035 /* NativeAckSender.swift in Sources */ = {isa = PBXBuildFile; fileRef = A24A00000000000000000003 /* NativeAckSender.swift */; };
		A24A00000000000000000011 /* AckedIncidentStore.swift in Sources */ = {isa = PBXBuildFile; fileRef = A24A00000000000000000001 /* AckedIncidentStore.swift */; };
		A24A00000000000000000012 /* AckedIncidentStore.swift in Sources */ = {isa = PBXBuildFile; fileRef = A24A00000000000000000001 /* AckedIncidentStore.swift */; };
		A24A00000000000000000013 /* AckedIncidentStore.swift in Sources */ = {isa = PBXBuildFile; fileRef = A24A00000000000000000001 /* AckedIncidentStore.swift */; };
		A24A00000000000000000014 /* AckedIncidentStore.swift in Sources */ = {isa = PBXBuildFile; fileRef = A24A00000000000000000001 /* AckedIncidentStore.swift */; };
		A24A00000000000000000021 /* AlarmScheduleRule.swift in Sources */ = {isa = PBXBuildFile; fileRef = A24A00000000000000000002 /* AlarmScheduleRule.swift */; };
		A24A00000000000000000022 /* AlarmScheduleRule.swift in Sources */ = {isa = PBXBuildFile; fileRef = A24A00000000000000000002 /* AlarmScheduleRule.swift */; };
		A24A00000000000000000031 /* NativeAckSender.swift in Sources */ = {isa = PBXBuildFile; fileRef = A24A00000000000000000003 /* NativeAckSender.swift */; };
		A24A00000000000000000032 /* NativeAckSender.swift in Sources */ = {isa = PBXBuildFile; fileRef = A24A00000000000000000003 /* NativeAckSender.swift */; };
		A24A00000000000000000033 /* NativeAckSender.swift in Sources */ = {isa = PBXBuildFile; fileRef = A24A00000000000000000003 /* NativeAckSender.swift */; };
		A24A00000000000000000034 /* NseCredentials.swift in Sources */ = {isa = PBXBuildFile; fileRef = B0D3ED050514E625AEF9F0B2 /* NseCredentials.swift */; };
		A24A00000000000000000041 /* AlarmScheduleRuleTests.swift in Sources */ = {isa = PBXBuildFile; fileRef = A24A00000000000000000004 /* AlarmScheduleRuleTests.swift */; };
		A24A00000000000000000042 /* AckedIncidentStoreTests.swift in Sources */ = {isa = PBXBuildFile; fileRef = A24A00000000000000000005 /* AckedIncidentStoreTests.swift */; };
		A24A00000000000000000043 /* NativeAckSenderTests.swift in Sources */ = {isa = PBXBuildFile; fileRef = A24A00000000000000000006 /* NativeAckSenderTests.swift */; };
		05BDDBA0157A3EE529FEC613 /* NotificationService.swift in Sources */ = {isa = PBXBuildFile; fileRef = 7E03D7BEA0BF5A60A3DCFDC3 /* NotificationService.swift */; };
		0617CFB82831F64DAE3C6E36 /* PushEventLog.swift in Sources */ = {isa = PBXBuildFile; fileRef = E1B43861F26AA39D52CC432E /* PushEventLog.swift */; };
		0632154549508956E8E82937 /* AlarmTriggerPath.swift in Sources */ = {isa = PBXBuildFile; fileRef = 9B7FFF5B3D8F249A07E1CCE0 /* AlarmTriggerPath.swift */; };
		A13F0C1E4B7D25A9E0115002 /* SharedSounds.swift in Sources */ = {isa = PBXBuildFile; fileRef = A13F0C1E4B7D25A9E0115001 /* SharedSounds.swift */; };
		A13F0C1E4B7D25A9E0115003 /* SharedSounds.swift in Sources */ = {isa = PBXBuildFile; fileRef = A13F0C1E4B7D25A9E0115001 /* SharedSounds.swift */; };
		A13F0C1E4B7D25A9E0115004 /* SharedSounds.swift in Sources */ = {isa = PBXBuildFile; fileRef = A13F0C1E4B7D25A9E0115001 /* SharedSounds.swift */; };
		A13F0C1E4B7D25A9E0114003 /* QuietHours.swift in Sources */ = {isa = PBXBuildFile; fileRef = A13F0C1E4B7D25A9E0114001 /* QuietHours.swift */; };
		A13F0C1E4B7D25A9E0114004 /* QuietHours.swift in Sources */ = {isa = PBXBuildFile; fileRef = A13F0C1E4B7D25A9E0114001 /* QuietHours.swift */; };
		A13F0C1E4B7D25A9E0114005 /* QuietHours.swift in Sources */ = {isa = PBXBuildFile; fileRef = A13F0C1E4B7D25A9E0114001 /* QuietHours.swift */; };
		A13F0C1E4B7D25A9E0114006 /* QuietHoursTests.swift in Sources */ = {isa = PBXBuildFile; fileRef = A13F0C1E4B7D25A9E0114002 /* QuietHoursTests.swift */; };
		0667D9BC1041B885CED760AE /* IncidentActivityCoordinator.swift in Sources */ = {isa = PBXBuildFile; fileRef = 94AAA776DB809D23FA4650FE /* IncidentActivityCoordinator.swift */; };
		0CC17DA6DCACE81402DAB0A4 /* IncidentAlarmAttributes.swift in Sources */ = {isa = PBXBuildFile; fileRef = 0146C79FC6676957BD7BBD61 /* IncidentAlarmAttributes.swift */; };
		0D184790693B92A167F3BAAD /* AckQueueStore.swift in Sources */ = {isa = PBXBuildFile; fileRef = E1BAD55840AA45916DA08E7A /* AckQueueStore.swift */; };
		0E04C12CE8C8FB55A85CBFBD /* IncidentAlarmScheduler.swift in Sources */ = {isa = PBXBuildFile; fileRef = C1152E565D4F08BE1BD9C5C4 /* IncidentAlarmScheduler.swift */; };
		1498D2341E8E89220040F4C2 /* GeneratedPluginRegistrant.m in Sources */ = {isa = PBXBuildFile; fileRef = 1498D2331E8E89220040F4C2 /* GeneratedPluginRegistrant.m */; };
		2BD028D86FA247C95D50E172 /* CritAlarmActivity.appex in Embed Foundation Extensions */ = {isa = PBXBuildFile; fileRef = 95753DAD60ADE7A8BC9ABFC6 /* CritAlarmActivity.appex */; settings = {ATTRIBUTES = (RemoveHeadersOnCopy, ); }; };
		331C808B294A63AB00263BE5 /* RunnerTests.swift in Sources */ = {isa = PBXBuildFile; fileRef = 331C807B294A618700263BE5 /* RunnerTests.swift */; };
		33626C563A1CD562EF06E44B /* content-none.apns in Resources */ = {isa = PBXBuildFile; fileRef = D87297CA8D80B89C76E0382B /* content-none.apns */; };
		356C4B6EB2F3C77BF0302A49 /* AlarmTriggerPath.swift in Sources */ = {isa = PBXBuildFile; fileRef = 9B7FFF5B3D8F249A07E1CCE0 /* AlarmTriggerPath.swift */; };
		36122E51C399B0584985D46D /* PushEventLog.swift in Sources */ = {isa = PBXBuildFile; fileRef = E1B43861F26AA39D52CC432E /* PushEventLog.swift */; };
		3B3967161E833CAA004F5970 /* AppFrameworkInfo.plist in Resources */ = {isa = PBXBuildFile; fileRef = 3B3967151E833CAA004F5970 /* AppFrameworkInfo.plist */; };
		A1B2C3D40000000000000002 /* PrivacyInfo.xcprivacy in Resources */ = {isa = PBXBuildFile; fileRef = A1B2C3D40000000000000001 /* PrivacyInfo.xcprivacy */; };
		417DD9FCF00F687DBD202688 /* IncidentAlarmScheduler.swift in Sources */ = {isa = PBXBuildFile; fileRef = C1152E565D4F08BE1BD9C5C4 /* IncidentAlarmScheduler.swift */; };
		5073401426B1F19765FDAE5F /* IncidentIntents.swift in Sources */ = {isa = PBXBuildFile; fileRef = 8DCEE9B8DFEF89E72F2F9667 /* IncidentIntents.swift */; };
		522BFE16F4DDA83E81723EBE /* NseCredentials.swift in Sources */ = {isa = PBXBuildFile; fileRef = B0D3ED050514E625AEF9F0B2 /* NseCredentials.swift */; };
		5387ED3388595C04D2B93590 /* p5.apns in Resources */ = {isa = PBXBuildFile; fileRef = C3F562DA2F44EAB6B928F6EB /* p5.apns */; };
		6CFAE537A5AD36D290371A7B /* IncidentPush.swift in Sources */ = {isa = PBXBuildFile; fileRef = B51DEF5EBBCB3B08892505BF /* IncidentPush.swift */; };
		6E372DAD65DA145D7B0F7BF5 /* IncidentAlarmScheduler.swift in Sources */ = {isa = PBXBuildFile; fileRef = C1152E565D4F08BE1BD9C5C4 /* IncidentAlarmScheduler.swift */; };
		74858FAF1ED2DC5600515810 /* AppDelegate.swift in Sources */ = {isa = PBXBuildFile; fileRef = 74858FAE1ED2DC5600515810 /* AppDelegate.swift */; };
		7884E8682EC3CC0700C636F2 /* SceneDelegate.swift in Sources */ = {isa = PBXBuildFile; fileRef = 7884E8672EC3CC0400C636F2 /* SceneDelegate.swift */; };
		78A318202AECB46A00862997 /* FlutterGeneratedPluginSwiftPackage in Frameworks */ = {isa = PBXBuildFile; productRef = 78A3181F2AECB46A00862997 /* FlutterGeneratedPluginSwiftPackage */; };
		7B23EC697E2DF0158A56C801 /* IncidentActivityCoordinator.swift in Sources */ = {isa = PBXBuildFile; fileRef = 94AAA776DB809D23FA4650FE /* IncidentActivityCoordinator.swift */; };
		7F680D71222AB12712DD1B2B /* IncidentContent.swift in Sources */ = {isa = PBXBuildFile; fileRef = F706A2A4516835A56FA2F295 /* IncidentContent.swift */; };
		813000DE811E6C46E4681595 /* IncidentActivityCoordinator.swift in Sources */ = {isa = PBXBuildFile; fileRef = 94AAA776DB809D23FA4650FE /* IncidentActivityCoordinator.swift */; };
		84353DF6B9FF22B8BB32717B /* CritAlarmActivityBundle.swift in Sources */ = {isa = PBXBuildFile; fileRef = 27BE1B266C87A73BE64F5093 /* CritAlarmActivityBundle.swift */; };
		84AF5F3AB18085F4710FD0A8 /* IncidentContent.swift in Sources */ = {isa = PBXBuildFile; fileRef = F706A2A4516835A56FA2F295 /* IncidentContent.swift */; };
		873108CBF1F3961B5574601E /* NseCredentials.swift in Sources */ = {isa = PBXBuildFile; fileRef = B0D3ED050514E625AEF9F0B2 /* NseCredentials.swift */; };
		8E54AF6FE4F7800B18856841 /* GoogleService-Info.plist in Resources */ = {isa = PBXBuildFile; fileRef = EEF761159A37EFC1340BACF6 /* GoogleService-Info.plist */; };
		901DE32449E09CDC90C0829D /* AckQueueStore.swift in Sources */ = {isa = PBXBuildFile; fileRef = E1BAD55840AA45916DA08E7A /* AckQueueStore.swift */; };
		945DB746556DD27941C8DA6F /* IncidentAlarmScheduler.swift in Sources */ = {isa = PBXBuildFile; fileRef = C1152E565D4F08BE1BD9C5C4 /* IncidentAlarmScheduler.swift */; };
		976B23E5DF5FDE6959EA0BDA /* AlarmTriggerPath.swift in Sources */ = {isa = PBXBuildFile; fileRef = 9B7FFF5B3D8F249A07E1CCE0 /* AlarmTriggerPath.swift */; };
		97C146FC1CF9000F007C117D /* Main.storyboard in Resources */ = {isa = PBXBuildFile; fileRef = 97C146FA1CF9000F007C117D /* Main.storyboard */; };
		97C146FE1CF9000F007C117D /* Assets.xcassets in Resources */ = {isa = PBXBuildFile; fileRef = 97C146FD1CF9000F007C117D /* Assets.xcassets */; };
		97C147011CF9000F007C117D /* LaunchScreen.storyboard in Resources */ = {isa = PBXBuildFile; fileRef = 97C146FF1CF9000F007C117D /* LaunchScreen.storyboard */; };
		9D78FA391E6A115F041E23D0 /* IncidentIntents.swift in Sources */ = {isa = PBXBuildFile; fileRef = 8DCEE9B8DFEF89E72F2F9667 /* IncidentIntents.swift */; };
		9DF7AE06CF79C15046128835 /* NotificationServiceTests.swift in Sources */ = {isa = PBXBuildFile; fileRef = 78F50D192BF422EDEFDC2935 /* NotificationServiceTests.swift */; };
		A1497E3050226B8FD2727E0E /* IncidentIntents.swift in Sources */ = {isa = PBXBuildFile; fileRef = 8DCEE9B8DFEF89E72F2F9667 /* IncidentIntents.swift */; };
		A3A92D32093F03668C763709 /* IncidentAlarmAttributes.swift in Sources */ = {isa = PBXBuildFile; fileRef = 0146C79FC6676957BD7BBD61 /* IncidentAlarmAttributes.swift */; };
		A436826ED21EEF1AB1E6333E /* NtfyEmoji.swift in Sources */ = {isa = PBXBuildFile; fileRef = AC3AEDFC4F2EE8CE8EDAC14A /* NtfyEmoji.swift */; };
		A5BB28153649D3FD00B5FF5A /* AlarmActivityWidget.swift in Sources */ = {isa = PBXBuildFile; fileRef = F8CD8DDE3EBA196FC51BFDDE /* AlarmActivityWidget.swift */; };
		A93DE8C5BF97C64AEB9101C2 /* IncidentActivityWidget.swift in Sources */ = {isa = PBXBuildFile; fileRef = 88FF122110739F2C4E9B4941 /* IncidentActivityWidget.swift */; };
		B82753055D3DA46E0D865B9A /* CritAlarmNSE.appex in Embed Foundation Extensions */ = {isa = PBXBuildFile; fileRef = B48FF43F18021E4A198D5CC1 /* CritAlarmNSE.appex */; settings = {ATTRIBUTES = (RemoveHeadersOnCopy, ); }; };
		B8508035E7616B526E6B2F6B /* Pods_Runner.framework in Frameworks */ = {isa = PBXBuildFile; fileRef = 593DA1142F90062F7FE99B54 /* Pods_Runner.framework */; };
		B943C66DEA85CFE559E1B67C /* NtfyEmoji.swift in Sources */ = {isa = PBXBuildFile; fileRef = AC3AEDFC4F2EE8CE8EDAC14A /* NtfyEmoji.swift */; };
		BA319A4AD1C672C67B0FB5E6 /* IncidentAlarmAttributes.swift in Sources */ = {isa = PBXBuildFile; fileRef = 0146C79FC6676957BD7BBD61 /* IncidentAlarmAttributes.swift */; };
		BABE51D86ECDA0FCAC490506 /* IncidentAlarmAttributes.swift in Sources */ = {isa = PBXBuildFile; fileRef = 0146C79FC6676957BD7BBD61 /* IncidentAlarmAttributes.swift */; };
		BE4704C5DA9B9A1CAC9CBCAC /* NotificationService.swift in Sources */ = {isa = PBXBuildFile; fileRef = 7E03D7BEA0BF5A60A3DCFDC3 /* NotificationService.swift */; };
		C63EE7878B06FA3AE8C95D9D /* Pods_RunnerTests.framework in Frameworks */ = {isa = PBXBuildFile; fileRef = 2D67F82837113861230B142A /* Pods_RunnerTests.framework */; };
		C680A45AFEDCDE12BB4C0417 /* NtfyEmoji.swift in Sources */ = {isa = PBXBuildFile; fileRef = AC3AEDFC4F2EE8CE8EDAC14A /* NtfyEmoji.swift */; };
		C7813969644D094F58A29C4D /* IncidentActivityCoordinator.swift in Sources */ = {isa = PBXBuildFile; fileRef = 94AAA776DB809D23FA4650FE /* IncidentActivityCoordinator.swift */; };
		C827D752D015968E3C46FD3E /* IncidentPush.swift in Sources */ = {isa = PBXBuildFile; fileRef = B51DEF5EBBCB3B08892505BF /* IncidentPush.swift */; };
		CF1F6744B717A05554FDAF49 /* FaceView.swift in Sources */ = {isa = PBXBuildFile; fileRef = 459470031D166B3CA2B80886 /* FaceView.swift */; };
		CF2A62EB3F4FB523CF9334A7 /* AckQueueStore.swift in Sources */ = {isa = PBXBuildFile; fileRef = E1BAD55840AA45916DA08E7A /* AckQueueStore.swift */; };
		CF8B5F6F7F90CEDBD6A3E5A6 /* alarm.caf in Resources */ = {isa = PBXBuildFile; fileRef = 56422C7C20CDE71116711FD1 /* alarm.caf */; };
		A14C1D0EB7F3524C8A9D0011 /* DeviceIdentityKeychainTests.swift in Sources */ = {isa = PBXBuildFile; fileRef = A14C1D0EB7F3524C8A9D0012 /* DeviceIdentityKeychainTests.swift */; };
		D183068650726122FB4BED45 /* PushDeliveryTests.swift in Sources */ = {isa = PBXBuildFile; fileRef = 1B2DCDA317FEB203F1A8AEE4 /* PushDeliveryTests.swift */; };
		D1D0455B373B068D9BE01B47 /* IncidentIntents.swift in Sources */ = {isa = PBXBuildFile; fileRef = 8DCEE9B8DFEF89E72F2F9667 /* IncidentIntents.swift */; };
		D5AA1E2175BB98EC72D83577 /* p4.apns in Resources */ = {isa = PBXBuildFile; fileRef = F4C3109ABCF417BB50CBFEBB /* p4.apns */; };
		D88DFA6CED8914FC4D107BEA /* Foundation.framework in Frameworks */ = {isa = PBXBuildFile; fileRef = 798CCEC30ED822B6D363FB7E /* Foundation.framework */; };
		E8500162759DEE4214490819 /* PushEventLog.swift in Sources */ = {isa = PBXBuildFile; fileRef = E1B43861F26AA39D52CC432E /* PushEventLog.swift */; };
		EBDDE7E06FD4B4CE2BC6A67E /* IncidentPush.swift in Sources */ = {isa = PBXBuildFile; fileRef = B51DEF5EBBCB3B08892505BF /* IncidentPush.swift */; };
		ED2803F0D04A5E547665D02A /* AckQueueStore.swift in Sources */ = {isa = PBXBuildFile; fileRef = E1BAD55840AA45916DA08E7A /* AckQueueStore.swift */; };
		ED7D55E31FECA295DFAC93C5 /* IncidentContent.swift in Sources */ = {isa = PBXBuildFile; fileRef = F706A2A4516835A56FA2F295 /* IncidentContent.swift */; };
		F6BAA4FB61319AC1D2D1ADA7 /* AlarmTriggerPath.swift in Sources */ = {isa = PBXBuildFile; fileRef = 9B7FFF5B3D8F249A07E1CCE0 /* AlarmTriggerPath.swift */; };
		FC678E988BB03EB22189B384 /* NseCredentials.swift in Sources */ = {isa = PBXBuildFile; fileRef = B0D3ED050514E625AEF9F0B2 /* NseCredentials.swift */; };
		FCC5FE50E2B32C65DAE754E8 /* Foundation.framework in Frameworks */ = {isa = PBXBuildFile; fileRef = 798CCEC30ED822B6D363FB7E /* Foundation.framework */; };
		FD773139A83FCEC454AD6252 /* p3.apns in Resources */ = {isa = PBXBuildFile; fileRef = ACCD930E3ED1D741B0A061A9 /* p3.apns */; };
/* End PBXBuildFile section */

/* Begin PBXContainerItemProxy section */
		331C8085294A63A400263BE5 /* PBXContainerItemProxy */ = {
			isa = PBXContainerItemProxy;
			containerPortal = 97C146E61CF9000F007C117D /* Project object */;
			proxyType = 1;
			remoteGlobalIDString = 97C146ED1CF9000F007C117D;
			remoteInfo = Runner;
		};
		6409452E10ACDD036D4D37E2 /* PBXContainerItemProxy */ = {
			isa = PBXContainerItemProxy;
			containerPortal = 97C146E61CF9000F007C117D /* Project object */;
			proxyType = 1;
			remoteGlobalIDString = 05734ECE5496AD88F886B6DE;
			remoteInfo = CritAlarmNSE;
		};
		BCA8FC9E0A77CEA2C77BF6F2 /* PBXContainerItemProxy */ = {
			isa = PBXContainerItemProxy;
			containerPortal = 97C146E61CF9000F007C117D /* Project object */;
			proxyType = 1;
			remoteGlobalIDString = D86D592251E086420ADFCB9C;
			remoteInfo = CritAlarmActivity;
		};
/* End PBXContainerItemProxy section */

/* Begin PBXCopyFilesBuildPhase section */
		9705A1C41CF9048500538489 /* Embed Frameworks */ = {
			isa = PBXCopyFilesBuildPhase;
			buildActionMask = 2147483647;
			dstPath = "";
			dstSubfolderSpec = 10;
			files = (
			);
			name = "Embed Frameworks";
			runOnlyForDeploymentPostprocessing = 0;
		};
		B0672B11E2BE0E9A0EFF8B6B /* Embed Foundation Extensions */ = {
			isa = PBXCopyFilesBuildPhase;
			buildActionMask = 2147483647;
			dstPath = "";
			dstSubfolderSpec = 13;
			files = (
				B82753055D3DA46E0D865B9A /* CritAlarmNSE.appex in Embed Foundation Extensions */,
				2BD028D86FA247C95D50E172 /* CritAlarmActivity.appex in Embed Foundation Extensions */,
			);
			name = "Embed Foundation Extensions";
			runOnlyForDeploymentPostprocessing = 0;
		};
/* End PBXCopyFilesBuildPhase section */

/* Begin PBXFileReference section */
		A24A00000000000000000001 /* AckedIncidentStore.swift */ = {isa = PBXFileReference; includeInIndex = 1; lastKnownFileType = sourcecode.swift; path = AckedIncidentStore.swift; sourceTree = "<group>"; };
		A24A00000000000000000002 /* AlarmScheduleRule.swift */ = {isa = PBXFileReference; includeInIndex = 1; lastKnownFileType = sourcecode.swift; path = AlarmScheduleRule.swift; sourceTree = "<group>"; };
		A24A00000000000000000003 /* NativeAckSender.swift */ = {isa = PBXFileReference; includeInIndex = 1; lastKnownFileType = sourcecode.swift; path = NativeAckSender.swift; sourceTree = "<group>"; };
		A24A00000000000000000004 /* AlarmScheduleRuleTests.swift */ = {isa = PBXFileReference; includeInIndex = 1; lastKnownFileType = sourcecode.swift; path = AlarmScheduleRuleTests.swift; sourceTree = "<group>"; };
		A24A00000000000000000005 /* AckedIncidentStoreTests.swift */ = {isa = PBXFileReference; includeInIndex = 1; lastKnownFileType = sourcecode.swift; path = AckedIncidentStoreTests.swift; sourceTree = "<group>"; };
		A24A00000000000000000006 /* NativeAckSenderTests.swift */ = {isa = PBXFileReference; includeInIndex = 1; lastKnownFileType = sourcecode.swift; path = NativeAckSenderTests.swift; sourceTree = "<group>"; };
		0146C79FC6676957BD7BBD61 /* IncidentAlarmAttributes.swift */ = {isa = PBXFileReference; includeInIndex = 1; lastKnownFileType = sourcecode.swift; path = IncidentAlarmAttributes.swift; sourceTree = "<group>"; };
		0343E94C6B3165806974A529 /* Pods-Runner.debug.xcconfig */ = {isa = PBXFileReference; includeInIndex = 1; lastKnownFileType = text.xcconfig; name = "Pods-Runner.debug.xcconfig"; path = "Target Support Files/Pods-Runner/Pods-Runner.debug.xcconfig"; sourceTree = "<group>"; };
		0729842DADC1254D34F8C509 /* CritAlarmActivity.entitlements */ = {isa = PBXFileReference; includeInIndex = 1; lastKnownFileType = text.plist.entitlements; path = CritAlarmActivity.entitlements; sourceTree = "<group>"; };
		1105D7A93BBCCB9025CD65A0 /* Pods-RunnerTests.profile.xcconfig */ = {isa = PBXFileReference; includeInIndex = 1; lastKnownFileType = text.xcconfig; name = "Pods-RunnerTests.profile.xcconfig"; path = "Target Support Files/Pods-RunnerTests/Pods-RunnerTests.profile.xcconfig"; sourceTree = "<group>"; };
		1498D2321E8E86230040F4C2 /* GeneratedPluginRegistrant.h */ = {isa = PBXFileReference; lastKnownFileType = sourcecode.c.h; path = GeneratedPluginRegistrant.h; sourceTree = "<group>"; };
		1498D2331E8E89220040F4C2 /* GeneratedPluginRegistrant.m */ = {isa = PBXFileReference; fileEncoding = 4; lastKnownFileType = sourcecode.c.objc; path = GeneratedPluginRegistrant.m; sourceTree = "<group>"; };
		1B2DCDA317FEB203F1A8AEE4 /* PushDeliveryTests.swift */ = {isa = PBXFileReference; includeInIndex = 1; lastKnownFileType = sourcecode.swift; path = PushDeliveryTests.swift; sourceTree = "<group>"; };
		A14C1D0EB7F3524C8A9D0012 /* DeviceIdentityKeychainTests.swift */ = {isa = PBXFileReference; includeInIndex = 1; lastKnownFileType = sourcecode.swift; path = DeviceIdentityKeychainTests.swift; sourceTree = "<group>"; };
		27BE1B266C87A73BE64F5093 /* CritAlarmActivityBundle.swift */ = {isa = PBXFileReference; includeInIndex = 1; lastKnownFileType = sourcecode.swift; path = CritAlarmActivityBundle.swift; sourceTree = "<group>"; };
		2D67F82837113861230B142A /* Pods_RunnerTests.framework */ = {isa = PBXFileReference; explicitFileType = wrapper.framework; includeInIndex = 0; path = Pods_RunnerTests.framework; sourceTree = BUILT_PRODUCTS_DIR; };
		331C807B294A618700263BE5 /* RunnerTests.swift */ = {isa = PBXFileReference; lastKnownFileType = sourcecode.swift; path = RunnerTests.swift; sourceTree = "<group>"; };
		331C8081294A63A400263BE5 /* RunnerTests.xctest */ = {isa = PBXFileReference; explicitFileType = wrapper.cfbundle; includeInIndex = 0; path = RunnerTests.xctest; sourceTree = BUILT_PRODUCTS_DIR; };
		3B3967151E833CAA004F5970 /* AppFrameworkInfo.plist */ = {isa = PBXFileReference; fileEncoding = 4; lastKnownFileType = text.plist.xml; name = AppFrameworkInfo.plist; path = Flutter/AppFrameworkInfo.plist; sourceTree = "<group>"; };
		459470031D166B3CA2B80886 /* FaceView.swift */ = {isa = PBXFileReference; includeInIndex = 1; lastKnownFileType = sourcecode.swift; path = FaceView.swift; sourceTree = "<group>"; };
		56422C7C20CDE71116711FD1 /* alarm.caf */ = {isa = PBXFileReference; includeInIndex = 1; lastKnownFileType = file; path = alarm.caf; sourceTree = "<group>"; };
		593DA1142F90062F7FE99B54 /* Pods_Runner.framework */ = {isa = PBXFileReference; explicitFileType = wrapper.framework; includeInIndex = 0; path = Pods_Runner.framework; sourceTree = BUILT_PRODUCTS_DIR; };
		74858FAD1ED2DC5600515810 /* Runner-Bridging-Header.h */ = {isa = PBXFileReference; lastKnownFileType = sourcecode.c.h; path = "Runner-Bridging-Header.h"; sourceTree = "<group>"; };
		74858FAE1ED2DC5600515810 /* AppDelegate.swift */ = {isa = PBXFileReference; fileEncoding = 4; lastKnownFileType = sourcecode.swift; path = AppDelegate.swift; sourceTree = "<group>"; };
		7884E8672EC3CC0400C636F2 /* SceneDelegate.swift */ = {isa = PBXFileReference; lastKnownFileType = sourcecode.swift; path = SceneDelegate.swift; sourceTree = "<group>"; };
		78E0A7A72DC9AD7400C4905E /* FlutterGeneratedPluginSwiftPackage */ = {isa = PBXFileReference; lastKnownFileType = wrapper; name = FlutterGeneratedPluginSwiftPackage; path = Flutter/ephemeral/Packages/FlutterGeneratedPluginSwiftPackage; sourceTree = "<group>"; };
		78F50D192BF422EDEFDC2935 /* NotificationServiceTests.swift */ = {isa = PBXFileReference; includeInIndex = 1; lastKnownFileType = sourcecode.swift; path = NotificationServiceTests.swift; sourceTree = "<group>"; };
		798CCEC30ED822B6D363FB7E /* Foundation.framework */ = {isa = PBXFileReference; lastKnownFileType = wrapper.framework; name = Foundation.framework; path = Platforms/iPhoneOS.platform/Developer/SDKs/iPhoneOS18.0.sdk/System/Library/Frameworks/Foundation.framework; sourceTree = DEVELOPER_DIR; };
		7AFA3C8E1D35360C0083082E /* Release.xcconfig */ = {isa = PBXFileReference; lastKnownFileType = text.xcconfig; name = Release.xcconfig; path = Flutter/Release.xcconfig; sourceTree = "<group>"; };
		7E03D7BEA0BF5A60A3DCFDC3 /* NotificationService.swift */ = {isa = PBXFileReference; includeInIndex = 1; lastKnownFileType = sourcecode.swift; path = NotificationService.swift; sourceTree = "<group>"; };
		88FF122110739F2C4E9B4941 /* IncidentActivityWidget.swift */ = {isa = PBXFileReference; includeInIndex = 1; lastKnownFileType = sourcecode.swift; path = IncidentActivityWidget.swift; sourceTree = "<group>"; };
		8DCEE9B8DFEF89E72F2F9667 /* IncidentIntents.swift */ = {isa = PBXFileReference; includeInIndex = 1; lastKnownFileType = sourcecode.swift; path = IncidentIntents.swift; sourceTree = "<group>"; };
		94AAA776DB809D23FA4650FE /* IncidentActivityCoordinator.swift */ = {isa = PBXFileReference; includeInIndex = 1; lastKnownFileType = sourcecode.swift; path = IncidentActivityCoordinator.swift; sourceTree = "<group>"; };
		95753DAD60ADE7A8BC9ABFC6 /* CritAlarmActivity.appex */ = {isa = PBXFileReference; explicitFileType = "wrapper.app-extension"; includeInIndex = 0; path = CritAlarmActivity.appex; sourceTree = BUILT_PRODUCTS_DIR; };
		9740EEB21CF90195004384FC /* Debug.xcconfig */ = {isa = PBXFileReference; fileEncoding = 4; lastKnownFileType = text.xcconfig; name = Debug.xcconfig; path = Flutter/Debug.xcconfig; sourceTree = "<group>"; };
		9740EEB31CF90195004384FC /* Generated.xcconfig */ = {isa = PBXFileReference; fileEncoding = 4; lastKnownFileType = text.xcconfig; name = Generated.xcconfig; path = Flutter/Generated.xcconfig; sourceTree = "<group>"; };
		97C146EE1CF9000F007C117D /* Runner.app */ = {isa = PBXFileReference; explicitFileType = wrapper.application; includeInIndex = 0; path = Runner.app; sourceTree = BUILT_PRODUCTS_DIR; };
		97C146FB1CF9000F007C117D /* Base */ = {isa = PBXFileReference; lastKnownFileType = file.storyboard; name = Base; path = Base.lproj/Main.storyboard; sourceTree = "<group>"; };
		97C146FD1CF9000F007C117D /* Assets.xcassets */ = {isa = PBXFileReference; lastKnownFileType = folder.assetcatalog; path = Assets.xcassets; sourceTree = "<group>"; };
		97C147001CF9000F007C117D /* Base */ = {isa = PBXFileReference; lastKnownFileType = file.storyboard; name = Base; path = Base.lproj/LaunchScreen.storyboard; sourceTree = "<group>"; };
		97C147021CF9000F007C117D /* Info.plist */ = {isa = PBXFileReference; lastKnownFileType = text.plist.xml; path = Info.plist; sourceTree = "<group>"; };
		A1B2C3D40000000000000001 /* PrivacyInfo.xcprivacy */ = {isa = PBXFileReference; lastKnownFileType = text.plist.xml; path = PrivacyInfo.xcprivacy; sourceTree = "<group>"; };
		9B7FFF5B3D8F249A07E1CCE0 /* AlarmTriggerPath.swift */ = {isa = PBXFileReference; includeInIndex = 1; lastKnownFileType = sourcecode.swift; path = AlarmTriggerPath.swift; sourceTree = "<group>"; };
		A13F0C1E4B7D25A9E0115001 /* SharedSounds.swift */ = {isa = PBXFileReference; includeInIndex = 1; lastKnownFileType = sourcecode.swift; path = SharedSounds.swift; sourceTree = "<group>"; };
		A13F0C1E4B7D25A9E0114001 /* QuietHours.swift */ = {isa = PBXFileReference; includeInIndex = 1; lastKnownFileType = sourcecode.swift; path = QuietHours.swift; sourceTree = "<group>"; };
		A13F0C1E4B7D25A9E0114002 /* QuietHoursTests.swift */ = {isa = PBXFileReference; includeInIndex = 1; lastKnownFileType = sourcecode.swift; path = QuietHoursTests.swift; sourceTree = "<group>"; };
		A001835E63EC097B270CFC7B /* Pods-Runner.profile.xcconfig */ = {isa = PBXFileReference; includeInIndex = 1; lastKnownFileType = text.xcconfig; name = "Pods-Runner.profile.xcconfig"; path = "Target Support Files/Pods-Runner/Pods-Runner.profile.xcconfig"; sourceTree = "<group>"; };
		A471C6FA0F15B4693AAA2990 /* Pods-Runner.release.xcconfig */ = {isa = PBXFileReference; includeInIndex = 1; lastKnownFileType = text.xcconfig; name = "Pods-Runner.release.xcconfig"; path = "Target Support Files/Pods-Runner/Pods-Runner.release.xcconfig"; sourceTree = "<group>"; };
		AC3AEDFC4F2EE8CE8EDAC14A /* NtfyEmoji.swift */ = {isa = PBXFileReference; includeInIndex = 1; lastKnownFileType = sourcecode.swift; path = NtfyEmoji.swift; sourceTree = "<group>"; };
		ACCD930E3ED1D741B0A061A9 /* p3.apns */ = {isa = PBXFileReference; includeInIndex = 1; lastKnownFileType = text; path = p3.apns; sourceTree = "<group>"; };
		B0D3ED050514E625AEF9F0B2 /* NseCredentials.swift */ = {isa = PBXFileReference; includeInIndex = 1; lastKnownFileType = sourcecode.swift; path = NseCredentials.swift; sourceTree = "<group>"; };
		B48FF43F18021E4A198D5CC1 /* CritAlarmNSE.appex */ = {isa = PBXFileReference; explicitFileType = "wrapper.app-extension"; includeInIndex = 0; path = CritAlarmNSE.appex; sourceTree = BUILT_PRODUCTS_DIR; };
		B51DEF5EBBCB3B08892505BF /* IncidentPush.swift */ = {isa = PBXFileReference; includeInIndex = 1; lastKnownFileType = sourcecode.swift; path = IncidentPush.swift; sourceTree = "<group>"; };
		BDF158218E2B9B0CE3E2A09B /* Info.plist */ = {isa = PBXFileReference; includeInIndex = 1; lastKnownFileType = text.plist.xml; path = Info.plist; sourceTree = "<group>"; };
		C1152E565D4F08BE1BD9C5C4 /* IncidentAlarmScheduler.swift */ = {isa = PBXFileReference; includeInIndex = 1; lastKnownFileType = sourcecode.swift; path = IncidentAlarmScheduler.swift; sourceTree = "<group>"; };
		C3F562DA2F44EAB6B928F6EB /* p5.apns */ = {isa = PBXFileReference; includeInIndex = 1; lastKnownFileType = text; path = p5.apns; sourceTree = "<group>"; };
		C73C2069E310F8EB7801AF18 /* Pods-RunnerTests.debug.xcconfig */ = {isa = PBXFileReference; includeInIndex = 1; lastKnownFileType = text.xcconfig; name = "Pods-RunnerTests.debug.xcconfig"; path = "Target Support Files/Pods-RunnerTests/Pods-RunnerTests.debug.xcconfig"; sourceTree = "<group>"; };
		CC2DCCA88B5EE553B0939AE7 /* Pods-RunnerTests.release.xcconfig */ = {isa = PBXFileReference; includeInIndex = 1; lastKnownFileType = text.xcconfig; name = "Pods-RunnerTests.release.xcconfig"; path = "Target Support Files/Pods-RunnerTests/Pods-RunnerTests.release.xcconfig"; sourceTree = "<group>"; };
		D4A55D581404C4B5C1339CF8 /* CritAlarmNSE.entitlements */ = {isa = PBXFileReference; includeInIndex = 1; lastKnownFileType = text.plist.entitlements; path = CritAlarmNSE.entitlements; sourceTree = "<group>"; };
		D87297CA8D80B89C76E0382B /* content-none.apns */ = {isa = PBXFileReference; includeInIndex = 1; lastKnownFileType = text; path = "content-none.apns"; sourceTree = "<group>"; };
		E1B43861F26AA39D52CC432E /* PushEventLog.swift */ = {isa = PBXFileReference; includeInIndex = 1; lastKnownFileType = sourcecode.swift; path = PushEventLog.swift; sourceTree = "<group>"; };
		E1BAD55840AA45916DA08E7A /* AckQueueStore.swift */ = {isa = PBXFileReference; includeInIndex = 1; lastKnownFileType = sourcecode.swift; path = AckQueueStore.swift; sourceTree = "<group>"; };
		EB39D2C24F513B2DC40B6462 /* Flutter/Extension.xcconfig */ = {isa = PBXFileReference; includeInIndex = 1; lastKnownFileType = text.xcconfig; path = Flutter/Extension.xcconfig; sourceTree = "<group>"; };
		EEF761159A37EFC1340BACF6 /* GoogleService-Info.plist */ = {isa = PBXFileReference; includeInIndex = 1; lastKnownFileType = text.plist.xml; name = "GoogleService-Info.plist"; path = "Runner/GoogleService-Info.plist"; sourceTree = "<group>"; };
		F183319FE83F2E039E0C88D3 /* Info.plist */ = {isa = PBXFileReference; includeInIndex = 1; lastKnownFileType = text.plist.xml; path = Info.plist; sourceTree = "<group>"; };
		F4C3109ABCF417BB50CBFEBB /* p4.apns */ = {isa = PBXFileReference; includeInIndex = 1; lastKnownFileType = text; path = p4.apns; sourceTree = "<group>"; };
		F706A2A4516835A56FA2F295 /* IncidentContent.swift */ = {isa = PBXFileReference; includeInIndex = 1; lastKnownFileType = sourcecode.swift; path = IncidentContent.swift; sourceTree = "<group>"; };
		F8CD8DDE3EBA196FC51BFDDE /* AlarmActivityWidget.swift */ = {isa = PBXFileReference; includeInIndex = 1; lastKnownFileType = sourcecode.swift; path = AlarmActivityWidget.swift; sourceTree = "<group>"; };
/* End PBXFileReference section */

/* Begin PBXFrameworksBuildPhase section */
		19A641D512BEB57A31902D33 /* Frameworks */ = {
			isa = PBXFrameworksBuildPhase;
			buildActionMask = 2147483647;
			files = (
				C63EE7878B06FA3AE8C95D9D /* Pods_RunnerTests.framework in Frameworks */,
			);
			runOnlyForDeploymentPostprocessing = 0;
		};
		2251A154A02C292055922263 /* Frameworks */ = {
			isa = PBXFrameworksBuildPhase;
			buildActionMask = 2147483647;
			files = (
				D88DFA6CED8914FC4D107BEA /* Foundation.framework in Frameworks */,
			);
			runOnlyForDeploymentPostprocessing = 0;
		};
		97C146EB1CF9000F007C117D /* Frameworks */ = {
			isa = PBXFrameworksBuildPhase;
			buildActionMask = 2147483647;
			files = (
				78A318202AECB46A00862997 /* FlutterGeneratedPluginSwiftPackage in Frameworks */,
				B8508035E7616B526E6B2F6B /* Pods_Runner.framework in Frameworks */,
			);
			runOnlyForDeploymentPostprocessing = 0;
		};
		F942527B03F361B877215965 /* Frameworks */ = {
			isa = PBXFrameworksBuildPhase;
			buildActionMask = 2147483647;
			files = (
				FCC5FE50E2B32C65DAE754E8 /* Foundation.framework in Frameworks */,
			);
			runOnlyForDeploymentPostprocessing = 0;
		};
/* End PBXFrameworksBuildPhase section */

/* Begin PBXGroup section */
		A24A00000000000000000007 /* Ack */ = {
			isa = PBXGroup;
			children = (
				A24A00000000000000000003 /* NativeAckSender.swift */,
			);
			path = Ack;
			sourceTree = "<group>";
		};
		0E74CCA51819F6C432F2180C /* Pods */ = {
			isa = PBXGroup;
			children = (
				0343E94C6B3165806974A529 /* Pods-Runner.debug.xcconfig */,
				A471C6FA0F15B4693AAA2990 /* Pods-Runner.release.xcconfig */,
				A001835E63EC097B270CFC7B /* Pods-Runner.profile.xcconfig */,
				C73C2069E310F8EB7801AF18 /* Pods-RunnerTests.debug.xcconfig */,
				CC2DCCA88B5EE553B0939AE7 /* Pods-RunnerTests.release.xcconfig */,
				1105D7A93BBCCB9025CD65A0 /* Pods-RunnerTests.profile.xcconfig */,
			);
			path = Pods;
			sourceTree = "<group>";
		};
		31FF5AB17D8F6EADAC2E31EA /* Sounds */ = {
			isa = PBXGroup;
			children = (
				56422C7C20CDE71116711FD1 /* alarm.caf */,
			);
			path = Sounds;
			sourceTree = "<group>";
		};
		331C8082294A63A400263BE5 /* RunnerTests */ = {
			isa = PBXGroup;
			children = (
				A24A00000000000000000004 /* AlarmScheduleRuleTests.swift */,
				A24A00000000000000000005 /* AckedIncidentStoreTests.swift */,
				A24A00000000000000000006 /* NativeAckSenderTests.swift */,
				331C807B294A618700263BE5 /* RunnerTests.swift */,
				78F50D192BF422EDEFDC2935 /* NotificationServiceTests.swift */,
				1B2DCDA317FEB203F1A8AEE4 /* PushDeliveryTests.swift */,
				A13F0C1E4B7D25A9E0114002 /* QuietHoursTests.swift */,
				A14C1D0EB7F3524C8A9D0012 /* DeviceIdentityKeychainTests.swift */,
			);
			path = RunnerTests;
			sourceTree = "<group>";
		};
		49914E63F0C3345318D1394D /* Frameworks */ = {
			isa = PBXGroup;
			children = (
				593DA1142F90062F7FE99B54 /* Pods_Runner.framework */,
				2D67F82837113861230B142A /* Pods_RunnerTests.framework */,
				5ED00C79B2D21DD4043FAFBF /* iOS */,
			);
			name = Frameworks;
			sourceTree = "<group>";
		};
		4B90B0C6490AC04095D98CE2 /* CritAlarmActivity */ = {
			isa = PBXGroup;
			children = (
				F8CD8DDE3EBA196FC51BFDDE /* AlarmActivityWidget.swift */,
				27BE1B266C87A73BE64F5093 /* CritAlarmActivityBundle.swift */,
				459470031D166B3CA2B80886 /* FaceView.swift */,
				88FF122110739F2C4E9B4941 /* IncidentActivityWidget.swift */,
				F183319FE83F2E039E0C88D3 /* Info.plist */,
				0729842DADC1254D34F8C509 /* CritAlarmActivity.entitlements */,
			);
			path = CritAlarmActivity;
			sourceTree = SOURCE_ROOT;
		};
		5ED00C79B2D21DD4043FAFBF /* iOS */ = {
			isa = PBXGroup;
			children = (
				798CCEC30ED822B6D363FB7E /* Foundation.framework */,
			);
			name = iOS;
			sourceTree = "<group>";
		};
		6985D8F09F70FDA837FD21F0 /* Shared */ = {
			isa = PBXGroup;
			children = (
				A24A00000000000000000007 /* Ack */,
				B0D3ED050514E625AEF9F0B2 /* NseCredentials.swift */,
				AC3AEDFC4F2EE8CE8EDAC14A /* NtfyEmoji.swift */,
				B51DEF5EBBCB3B08892505BF /* IncidentPush.swift */,
				F706A2A4516835A56FA2F295 /* IncidentContent.swift */,
				E1B43861F26AA39D52CC432E /* PushEventLog.swift */,
				A13F0C1E4B7D25A9E0115001 /* SharedSounds.swift */,
				9886D275E53BA770B3EB7666 /* Alarm */,
			);
			path = Shared;
			sourceTree = "<group>";
		};
		9740EEB11CF90186004384FC /* Flutter */ = {
			isa = PBXGroup;
			children = (
				78E0A7A72DC9AD7400C4905E /* FlutterGeneratedPluginSwiftPackage */,
				3B3967151E833CAA004F5970 /* AppFrameworkInfo.plist */,
				9740EEB21CF90195004384FC /* Debug.xcconfig */,
				7AFA3C8E1D35360C0083082E /* Release.xcconfig */,
				9740EEB31CF90195004384FC /* Generated.xcconfig */,
				EB39D2C24F513B2DC40B6462 /* Flutter/Extension.xcconfig */,
			);
			name = Flutter;
			sourceTree = "<group>";
		};
		97C146E51CF9000F007C117D = {
			isa = PBXGroup;
			children = (
				9740EEB11CF90186004384FC /* Flutter */,
				97C146F01CF9000F007C117D /* Runner */,
				97C146EF1CF9000F007C117D /* Products */,
				331C8082294A63A400263BE5 /* RunnerTests */,
				0E74CCA51819F6C432F2180C /* Pods */,
				49914E63F0C3345318D1394D /* Frameworks */,
				EEF761159A37EFC1340BACF6 /* GoogleService-Info.plist */,
				6985D8F09F70FDA837FD21F0 /* Shared */,
				A2AC5B24027214B8FCBD0F33 /* CritAlarmNSE */,
				D766E60CE6801CFC5001ED33 /* PushFixtures */,
				4B90B0C6490AC04095D98CE2 /* CritAlarmActivity */,
			);
			sourceTree = "<group>";
		};
		97C146EF1CF9000F007C117D /* Products */ = {
			isa = PBXGroup;
			children = (
				97C146EE1CF9000F007C117D /* Runner.app */,
				331C8081294A63A400263BE5 /* RunnerTests.xctest */,
				B48FF43F18021E4A198D5CC1 /* CritAlarmNSE.appex */,
				95753DAD60ADE7A8BC9ABFC6 /* CritAlarmActivity.appex */,
			);
			name = Products;
			sourceTree = "<group>";
		};
		97C146F01CF9000F007C117D /* Runner */ = {
			isa = PBXGroup;
			children = (
				97C146FA1CF9000F007C117D /* Main.storyboard */,
				97C146FD1CF9000F007C117D /* Assets.xcassets */,
				97C146FF1CF9000F007C117D /* LaunchScreen.storyboard */,
				97C147021CF9000F007C117D /* Info.plist */,
				A1B2C3D40000000000000001 /* PrivacyInfo.xcprivacy */,
				1498D2321E8E86230040F4C2 /* GeneratedPluginRegistrant.h */,
				1498D2331E8E89220040F4C2 /* GeneratedPluginRegistrant.m */,
				74858FAE1ED2DC5600515810 /* AppDelegate.swift */,
				7884E8672EC3CC0400C636F2 /* SceneDelegate.swift */,
				74858FAD1ED2DC5600515810 /* Runner-Bridging-Header.h */,
				E1BAD55840AA45916DA08E7A /* AckQueueStore.swift */,
				31FF5AB17D8F6EADAC2E31EA /* Sounds */,
			);
			path = Runner;
			sourceTree = "<group>";
		};
		9886D275E53BA770B3EB7666 /* Alarm */ = {
			isa = PBXGroup;
			children = (
				A24A00000000000000000001 /* AckedIncidentStore.swift */,
				A24A00000000000000000002 /* AlarmScheduleRule.swift */,
				94AAA776DB809D23FA4650FE /* IncidentActivityCoordinator.swift */,
				0146C79FC6676957BD7BBD61 /* IncidentAlarmAttributes.swift */,
				C1152E565D4F08BE1BD9C5C4 /* IncidentAlarmScheduler.swift */,
				8DCEE9B8DFEF89E72F2F9667 /* IncidentIntents.swift */,
				9B7FFF5B3D8F249A07E1CCE0 /* AlarmTriggerPath.swift */,
				A13F0C1E4B7D25A9E0114001 /* QuietHours.swift */,
			);
			path = Alarm;
			sourceTree = "<group>";
		};
		A2AC5B24027214B8FCBD0F33 /* CritAlarmNSE */ = {
			isa = PBXGroup;
			children = (
				7E03D7BEA0BF5A60A3DCFDC3 /* NotificationService.swift */,
				BDF158218E2B9B0CE3E2A09B /* Info.plist */,
				D4A55D581404C4B5C1339CF8 /* CritAlarmNSE.entitlements */,
			);
			path = CritAlarmNSE;
			sourceTree = "<group>";
		};
		D766E60CE6801CFC5001ED33 /* PushFixtures */ = {
			isa = PBXGroup;
			children = (
				ACCD930E3ED1D741B0A061A9 /* p3.apns */,
				F4C3109ABCF417BB50CBFEBB /* p4.apns */,
				C3F562DA2F44EAB6B928F6EB /* p5.apns */,
				D87297CA8D80B89C76E0382B /* content-none.apns */,
			);
			name = PushFixtures;
			path = ../scripts/push;
			sourceTree = "<group>";
		};
/* End PBXGroup section */

/* Begin PBXNativeTarget section */
		05734ECE5496AD88F886B6DE /* CritAlarmNSE */ = {
			isa = PBXNativeTarget;
			buildConfigurationList = 33AEE4C5B228DF034677545D /* Build configuration list for PBXNativeTarget "CritAlarmNSE" */;
			buildPhases = (
				D1A76A8600F2CCAD9C020801 /* Sources */,
				F942527B03F361B877215965 /* Frameworks */,
				B2CEF310B550A3689B8C25F3 /* Resources */,
			);
			buildRules = (
			);
			dependencies = (
			);
			name = CritAlarmNSE;
			productName = CritAlarmNSE;
			productReference = B48FF43F18021E4A198D5CC1 /* CritAlarmNSE.appex */;
			productType = "com.apple.product-type.app-extension";
		};
		331C8080294A63A400263BE5 /* RunnerTests */ = {
			isa = PBXNativeTarget;
			buildConfigurationList = 331C8087294A63A400263BE5 /* Build configuration list for PBXNativeTarget "RunnerTests" */;
			buildPhases = (
				40FCD8A9F0B2FFA511183CB7 /* [CP] Check Pods Manifest.lock */,
				331C807D294A63A400263BE5 /* Sources */,
				331C807F294A63A400263BE5 /* Resources */,
				19A641D512BEB57A31902D33 /* Frameworks */,
			);
			buildRules = (
			);
			dependencies = (
				331C8086294A63A400263BE5 /* PBXTargetDependency */,
			);
			name = RunnerTests;
			productName = RunnerTests;
			productReference = 331C8081294A63A400263BE5 /* RunnerTests.xctest */;
			productType = "com.apple.product-type.bundle.unit-test";
		};
		97C146ED1CF9000F007C117D /* Runner */ = {
			isa = PBXNativeTarget;
			buildConfigurationList = 97C147051CF9000F007C117D /* Build configuration list for PBXNativeTarget "Runner" */;
			buildPhases = (
				9C1EA02EFA629A9E3C9C33F4 /* [CP] Check Pods Manifest.lock */,
				9740EEB61CF901F6004384FC /* Run Script */,
				97C146EA1CF9000F007C117D /* Sources */,
				97C146EB1CF9000F007C117D /* Frameworks */,
				97C146EC1CF9000F007C117D /* Resources */,
				B0672B11E2BE0E9A0EFF8B6B /* Embed Foundation Extensions */,
				9705A1C41CF9048500538489 /* Embed Frameworks */,
				3B06AD1E1E4923F5004D2608 /* Thin Binary */,
				88B6C9EF2F37794465B78B94 /* FlutterFire: "flutterfire upload-crashlytics-symbols" */,
			);
			buildRules = (
			);
			dependencies = (
				2D7C50090C08C0F32E2DDCE5 /* PBXTargetDependency */,
				4BF7889A263BCA5B3DA9CD0D /* PBXTargetDependency */,
			);
			name = Runner;
			packageProductDependencies = (
				78A3181F2AECB46A00862997 /* FlutterGeneratedPluginSwiftPackage */,
			);
			productName = Runner;
			productReference = 97C146EE1CF9000F007C117D /* Runner.app */;
			productType = "com.apple.product-type.application";
		};
		D86D592251E086420ADFCB9C /* CritAlarmActivity */ = {
			isa = PBXNativeTarget;
			buildConfigurationList = 5DAC28EF00695246D806B488 /* Build configuration list for PBXNativeTarget "CritAlarmActivity" */;
			buildPhases = (
				E08A1AA3B3C22998776ABFEA /* Sources */,
				2251A154A02C292055922263 /* Frameworks */,
				4B78C254668B714FFF051457 /* Resources */,
			);
			buildRules = (
			);
			dependencies = (
			);
			name = CritAlarmActivity;
			productName = CritAlarmActivity;
			productReference = 95753DAD60ADE7A8BC9ABFC6 /* CritAlarmActivity.appex */;
			productType = "com.apple.product-type.app-extension";
		};
/* End PBXNativeTarget section */

/* Begin PBXProject section */
		97C146E61CF9000F007C117D /* Project object */ = {
			isa = PBXProject;
			attributes = {
				BuildIndependentTargetsInParallel = YES;
				LastUpgradeCheck = 1510;
				ORGANIZATIONNAME = "";
				TargetAttributes = {
					05734ECE5496AD88F886B6DE = {
						CreatedOnToolsVersion = 15.1;
						ProvisioningStyle = Automatic;
						SystemCapabilities = {
							com.apple.ApplicationGroups.iOS = {
								enabled = 1;
							};
							com.apple.Keychain = {
								enabled = 1;
							};
						};
					};
					331C8080294A63A400263BE5 = {
						CreatedOnToolsVersion = 14.0;
						TestTargetID = 97C146ED1CF9000F007C117D;
					};
					97C146ED1CF9000F007C117D = {
						CreatedOnToolsVersion = 7.3.1;
						LastSwiftMigration = 1100;
						SystemCapabilities = {
							com.apple.ApplicationGroups.iOS = {
								enabled = 1;
							};
							com.apple.BackgroundModes = {
								enabled = 1;
							};
							com.apple.Keychain = {
								enabled = 1;
							};
							com.apple.Push = {
								enabled = 1;
							};
						};
					};
				};
			};
			buildConfigurationList = 97C146E91CF9000F007C117D /* Build configuration list for PBXProject "Runner" */;
			compatibilityVersion = "Xcode 9.3";
			developmentRegion = en;
			hasScannedForEncodings = 0;
			knownRegions = (
				en,
				Base,
			);
			mainGroup = 97C146E51CF9000F007C117D;
			packageReferences = (
				781AD8BC2B33823900A9FFBB /* XCLocalSwiftPackageReference "Flutter/ephemeral/Packages/FlutterGeneratedPluginSwiftPackage" */,
			);
			productRefGroup = 97C146EF1CF9000F007C117D /* Products */;
			projectDirPath = "";
			projectRoot = "";
			targets = (
				97C146ED1CF9000F007C117D /* Runner */,
				331C8080294A63A400263BE5 /* RunnerTests */,
				05734ECE5496AD88F886B6DE /* CritAlarmNSE */,
				D86D592251E086420ADFCB9C /* CritAlarmActivity */,
			);
		};
/* End PBXProject section */

/* Begin PBXResourcesBuildPhase section */
		331C807F294A63A400263BE5 /* Resources */ = {
			isa = PBXResourcesBuildPhase;
			buildActionMask = 2147483647;
			files = (
				FD773139A83FCEC454AD6252 /* p3.apns in Resources */,
				D5AA1E2175BB98EC72D83577 /* p4.apns in Resources */,
				5387ED3388595C04D2B93590 /* p5.apns in Resources */,
				33626C563A1CD562EF06E44B /* content-none.apns in Resources */,
			);
			runOnlyForDeploymentPostprocessing = 0;
		};
		4B78C254668B714FFF051457 /* Resources */ = {
			isa = PBXResourcesBuildPhase;
			buildActionMask = 2147483647;
			files = (
			);
			runOnlyForDeploymentPostprocessing = 0;
		};
		97C146EC1CF9000F007C117D /* Resources */ = {
			isa = PBXResourcesBuildPhase;
			buildActionMask = 2147483647;
			files = (
				97C147011CF9000F007C117D /* LaunchScreen.storyboard in Resources */,
				3B3967161E833CAA004F5970 /* AppFrameworkInfo.plist in Resources */,
				A1B2C3D40000000000000002 /* PrivacyInfo.xcprivacy in Resources */,
				97C146FE1CF9000F007C117D /* Assets.xcassets in Resources */,
				97C146FC1CF9000F007C117D /* Main.storyboard in Resources */,
				8E54AF6FE4F7800B18856841 /* GoogleService-Info.plist in Resources */,
				CF8B5F6F7F90CEDBD6A3E5A6 /* alarm.caf in Resources */,
			);
			runOnlyForDeploymentPostprocessing = 0;
		};
		B2CEF310B550A3689B8C25F3 /* Resources */ = {
			isa = PBXResourcesBuildPhase;
			buildActionMask = 2147483647;
			files = (
			);
			runOnlyForDeploymentPostprocessing = 0;
		};
/* End PBXResourcesBuildPhase section */

/* Begin PBXShellScriptBuildPhase section */
		3B06AD1E1E4923F5004D2608 /* Thin Binary */ = {
			isa = PBXShellScriptBuildPhase;
			alwaysOutOfDate = 1;
			buildActionMask = 2147483647;
			files = (
			);
			inputPaths = (
				"${TARGET_BUILD_DIR}/${INFOPLIST_PATH}",
			);
			name = "Thin Binary";
			outputPaths = (
			);
			runOnlyForDeploymentPostprocessing = 0;
			shellPath = /bin/sh;
			shellScript = "/bin/sh \"$FLUTTER_ROOT/packages/flutter_tools/bin/xcode_backend.sh\" embed_and_thin";
		};
		40FCD8A9F0B2FFA511183CB7 /* [CP] Check Pods Manifest.lock */ = {
			isa = PBXShellScriptBuildPhase;
			buildActionMask = 2147483647;
			files = (
			);
			inputFileListPaths = (
			);
			inputPaths = (
				"${PODS_PODFILE_DIR_PATH}/Podfile.lock",
				"${PODS_ROOT}/Manifest.lock",
			);
			name = "[CP] Check Pods Manifest.lock";
			outputFileListPaths = (
			);
			outputPaths = (
				"$(DERIVED_FILE_DIR)/Pods-RunnerTests-checkManifestLockResult.txt",
			);
			runOnlyForDeploymentPostprocessing = 0;
			shellPath = /bin/sh;
			shellScript = "diff \"${PODS_PODFILE_DIR_PATH}/Podfile.lock\" \"${PODS_ROOT}/Manifest.lock\" > /dev/null\nif [ $? != 0 ] ; then\n    # print error to STDERR\n    echo \"error: The sandbox is not in sync with the Podfile.lock. Run 'pod install' or update your CocoaPods installation.\" >&2\n    exit 1\nfi\n# This output is used by Xcode 'outputs' to avoid re-running this script phase.\necho \"SUCCESS\" > \"${SCRIPT_OUTPUT_FILE_0}\"\n";
			showEnvVarsInLog = 0;
		};
		88B6C9EF2F37794465B78B94 /* FlutterFire: "flutterfire upload-crashlytics-symbols" */ = {
			isa = PBXShellScriptBuildPhase;
			buildActionMask = 2147483647;
			files = (
			);
			inputFileListPaths = (
			);
			inputPaths = (
			);
			name = "FlutterFire: \"flutterfire upload-crashlytics-symbols\"";
			outputFileListPaths = (
			);
			outputPaths = (
			);
			runOnlyForDeploymentPostprocessing = 0;
			shellPath = /bin/sh;
			shellScript = "\n#!/bin/bash\nPATH=\"${PATH}:$FLUTTER_ROOT/bin:${PUB_CACHE}/bin:$HOME/.pub-cache/bin\"\n\nif [ -n \"$PODS_ROOT\" ] && [ -f \"$PODS_ROOT/FirebaseCrashlytics/run\" ]; then\n  # CocoaPods installation.\n  PATH_TO_CRASHLYTICS_UPLOAD_SCRIPT=\"$PODS_ROOT/FirebaseCrashlytics/run\"\nelif [ -n \"$BUILD_DIR\" ] && [ -f \"$BUILD_DIR/SourcePackages/checkouts/firebase-ios-sdk/Crashlytics/run\" ]; then\n  # Swift Package Manager installation. Flutter resolves Swift Package Manager\n  # checkouts into \"$BUILD_DIR/SourcePackages\" (i.e. \"<project>/[ios|macos]/build/SourcePackages\"),\n  # rather than the Xcode DerivedData directory used for a plain Xcode project.\n  PATH_TO_CRASHLYTICS_UPLOAD_SCRIPT=\"$BUILD_DIR/SourcePackages/checkouts/firebase-ios-sdk/Crashlytics/run\"\nelse\n  # Fall back to the Xcode DerivedData directory in case Swift Package Manager\n  # checkouts are not resolved relative to \"$BUILD_DIR\" (older/alternative setups).\n  # Cannot use \"BUILD_DIR%/Build/*\" as per Firebase documentation, it points to \"flutter-project/build/ios/*\" path which doesn't have run script\n  DERIVED_DATA_PATH=$(echo \"$BUILD_ROOT\" | sed -E 's|(.*DerivedData/[^/]+).*|\\1|')\n  PATH_TO_CRASHLYTICS_UPLOAD_SCRIPT=\"${DERIVED_DATA_PATH}/SourcePackages/checkouts/firebase-ios-sdk/Crashlytics/run\"\n\n  if [ ! -f \"$PATH_TO_CRASHLYTICS_UPLOAD_SCRIPT\" ]; then\n    # Last resort: search both known Swift Package Manager checkout roots in case\n    # the exact expected layout above does not match this Xcode/Flutter version.\n    FOUND_UPLOAD_SCRIPT=$(find \"$BUILD_DIR\" \"${DERIVED_DATA_PATH}\" -type f -path '*firebase-ios-sdk/Crashlytics/run' -print -quit 2>/dev/null)\n    if [ -n \"$FOUND_UPLOAD_SCRIPT\" ]; then\n      PATH_TO_CRASHLYTICS_UPLOAD_SCRIPT=\"$FOUND_UPLOAD_SCRIPT\"\n    fi\n  fi\nfi\n\n# Command to upload symbols script used to upload symbols to Firebase server\nflutterfire upload-crashlytics-symbols --upload-symbols-script-path=\"$PATH_TO_CRASHLYTICS_UPLOAD_SCRIPT\" --platform=ios --apple-project-path=\"${SRCROOT}\" --env-platform-name=\"${PLATFORM_NAME}\" --env-configuration=\"${CONFIGURATION}\" --env-project-dir=\"${PROJECT_DIR}\" --env-built-products-dir=\"${BUILT_PRODUCTS_DIR}\" --env-dwarf-dsym-folder-path=\"${DWARF_DSYM_FOLDER_PATH}\" --env-dwarf-dsym-file-name=\"${DWARF_DSYM_FILE_NAME}\" --env-infoplist-path=\"${INFOPLIST_PATH}\" --default-config=default\n";
		};
		9740EEB61CF901F6004384FC /* Run Script */ = {
			isa = PBXShellScriptBuildPhase;
			alwaysOutOfDate = 1;
			buildActionMask = 2147483647;
			files = (
			);
			inputPaths = (
			);
			name = "Run Script";
			outputPaths = (
			);
			runOnlyForDeploymentPostprocessing = 0;
			shellPath = /bin/sh;
			shellScript = "/bin/sh \"$FLUTTER_ROOT/packages/flutter_tools/bin/xcode_backend.sh\" build";
		};
		9C1EA02EFA629A9E3C9C33F4 /* [CP] Check Pods Manifest.lock */ = {
			isa = PBXShellScriptBuildPhase;
			buildActionMask = 2147483647;
			files = (
			);
			inputFileListPaths = (
			);
			inputPaths = (
				"${PODS_PODFILE_DIR_PATH}/Podfile.lock",
				"${PODS_ROOT}/Manifest.lock",
			);
			name = "[CP] Check Pods Manifest.lock";
			outputFileListPaths = (
			);
			outputPaths = (
				"$(DERIVED_FILE_DIR)/Pods-Runner-checkManifestLockResult.txt",
			);
			runOnlyForDeploymentPostprocessing = 0;
			shellPath = /bin/sh;
			shellScript = "diff \"${PODS_PODFILE_DIR_PATH}/Podfile.lock\" \"${PODS_ROOT}/Manifest.lock\" > /dev/null\nif [ $? != 0 ] ; then\n    # print error to STDERR\n    echo \"error: The sandbox is not in sync with the Podfile.lock. Run 'pod install' or update your CocoaPods installation.\" >&2\n    exit 1\nfi\n# This output is used by Xcode 'outputs' to avoid re-running this script phase.\necho \"SUCCESS\" > \"${SCRIPT_OUTPUT_FILE_0}\"\n";
			showEnvVarsInLog = 0;
		};
/* End PBXShellScriptBuildPhase section */

/* Begin PBXSourcesBuildPhase section */
		331C807D294A63A400263BE5 /* Sources */ = {
			isa = PBXSourcesBuildPhase;
			buildActionMask = 2147483647;
			files = (
				A24A00000000000000000012 /* AckedIncidentStore.swift in Sources */,
				A24A00000000000000000022 /* AlarmScheduleRule.swift in Sources */,
				A24A00000000000000000032 /* NativeAckSender.swift in Sources */,
				A24A00000000000000000041 /* AlarmScheduleRuleTests.swift in Sources */,
				A24A00000000000000000042 /* AckedIncidentStoreTests.swift in Sources */,
				A24A00000000000000000043 /* NativeAckSenderTests.swift in Sources */,
				331C808B294A63AB00263BE5 /* RunnerTests.swift in Sources */,
				9DF7AE06CF79C15046128835 /* NotificationServiceTests.swift in Sources */,
				D183068650726122FB4BED45 /* PushDeliveryTests.swift in Sources */,
				A14C1D0EB7F3524C8A9D0011 /* DeviceIdentityKeychainTests.swift in Sources */,
				05BDDBA0157A3EE529FEC613 /* NotificationService.swift in Sources */,
				0D184790693B92A167F3BAAD /* AckQueueStore.swift in Sources */,
				522BFE16F4DDA83E81723EBE /* NseCredentials.swift in Sources */,
				B943C66DEA85CFE559E1B67C /* NtfyEmoji.swift in Sources */,
				6CFAE537A5AD36D290371A7B /* IncidentPush.swift in Sources */,
				84AF5F3AB18085F4710FD0A8 /* IncidentContent.swift in Sources */,
				36122E51C399B0584985D46D /* PushEventLog.swift in Sources */,
				7B23EC697E2DF0158A56C801 /* IncidentActivityCoordinator.swift in Sources */,
				A3A92D32093F03668C763709 /* IncidentAlarmAttributes.swift in Sources */,
				6E372DAD65DA145D7B0F7BF5 /* IncidentAlarmScheduler.swift in Sources */,
				A1497E3050226B8FD2727E0E /* IncidentIntents.swift in Sources */,
				F6BAA4FB61319AC1D2D1ADA7 /* AlarmTriggerPath.swift in Sources */,
				A13F0C1E4B7D25A9E0114003 /* QuietHours.swift in Sources */,
				A13F0C1E4B7D25A9E0115002 /* SharedSounds.swift in Sources */,
				A13F0C1E4B7D25A9E0114006 /* QuietHoursTests.swift in Sources */,
			);
			runOnlyForDeploymentPostprocessing = 0;
		};
		97C146EA1CF9000F007C117D /* Sources */ = {
			isa = PBXSourcesBuildPhase;
			buildActionMask = 2147483647;
			files = (
				A24A00000000000000000011 /* AckedIncidentStore.swift in Sources */,
				A24A00000000000000000021 /* AlarmScheduleRule.swift in Sources */,
				A24A00000000000000000031 /* NativeAckSender.swift in Sources */,
				74858FAF1ED2DC5600515810 /* AppDelegate.swift in Sources */,
				1498D2341E8E89220040F4C2 /* GeneratedPluginRegistrant.m in Sources */,
				7884E8682EC3CC0700C636F2 /* SceneDelegate.swift in Sources */,
				CF2A62EB3F4FB523CF9334A7 /* AckQueueStore.swift in Sources */,
				FC678E988BB03EB22189B384 /* NseCredentials.swift in Sources */,
				C680A45AFEDCDE12BB4C0417 /* NtfyEmoji.swift in Sources */,
				EBDDE7E06FD4B4CE2BC6A67E /* IncidentPush.swift in Sources */,
				ED7D55E31FECA295DFAC93C5 /* IncidentContent.swift in Sources */,
				0617CFB82831F64DAE3C6E36 /* PushEventLog.swift in Sources */,
				0667D9BC1041B885CED760AE /* IncidentActivityCoordinator.swift in Sources */,
				0CC17DA6DCACE81402DAB0A4 /* IncidentAlarmAttributes.swift in Sources */,
				945DB746556DD27941C8DA6F /* IncidentAlarmScheduler.swift in Sources */,
				5073401426B1F19765FDAE5F /* IncidentIntents.swift in Sources */,
				0632154549508956E8E82937 /* AlarmTriggerPath.swift in Sources */,
				A13F0C1E4B7D25A9E0114004 /* QuietHours.swift in Sources */,
				A13F0C1E4B7D25A9E0115003 /* SharedSounds.swift in Sources */,
			);
			runOnlyForDeploymentPostprocessing = 0;
		};
		D1A76A8600F2CCAD9C020801 /* Sources */ = {
			isa = PBXSourcesBuildPhase;
			buildActionMask = 2147483647;
			files = (
				A24A00000000000000000035 /* NativeAckSender.swift in Sources */,
				A24A00000000000000000013 /* AckedIncidentStore.swift in Sources */,
				BE4704C5DA9B9A1CAC9CBCAC /* NotificationService.swift in Sources */,
				873108CBF1F3961B5574601E /* NseCredentials.swift in Sources */,
				A436826ED21EEF1AB1E6333E /* NtfyEmoji.swift in Sources */,
				C827D752D015968E3C46FD3E /* IncidentPush.swift in Sources */,
				7F680D71222AB12712DD1B2B /* IncidentContent.swift in Sources */,
				E8500162759DEE4214490819 /* PushEventLog.swift in Sources */,
				C7813969644D094F58A29C4D /* IncidentActivityCoordinator.swift in Sources */,
				BA319A4AD1C672C67B0FB5E6 /* IncidentAlarmAttributes.swift in Sources */,
				417DD9FCF00F687DBD202688 /* IncidentAlarmScheduler.swift in Sources */,
				D1D0455B373B068D9BE01B47 /* IncidentIntents.swift in Sources */,
				901DE32449E09CDC90C0829D /* AckQueueStore.swift in Sources */,
				976B23E5DF5FDE6959EA0BDA /* AlarmTriggerPath.swift in Sources */,
				A13F0C1E4B7D25A9E0114005 /* QuietHours.swift in Sources */,
				A13F0C1E4B7D25A9E0115004 /* SharedSounds.swift in Sources */,
			);
			runOnlyForDeploymentPostprocessing = 0;
		};
		E08A1AA3B3C22998776ABFEA /* Sources */ = {
			isa = PBXSourcesBuildPhase;
			buildActionMask = 2147483647;
			files = (
				A24A00000000000000000014 /* AckedIncidentStore.swift in Sources */,
				A24A00000000000000000033 /* NativeAckSender.swift in Sources */,
				A24A00000000000000000034 /* NseCredentials.swift in Sources */,
				A5BB28153649D3FD00B5FF5A /* AlarmActivityWidget.swift in Sources */,
				84353DF6B9FF22B8BB32717B /* CritAlarmActivityBundle.swift in Sources */,
				CF1F6744B717A05554FDAF49 /* FaceView.swift in Sources */,
				A93DE8C5BF97C64AEB9101C2 /* IncidentActivityWidget.swift in Sources */,
				813000DE811E6C46E4681595 /* IncidentActivityCoordinator.swift in Sources */,
				BABE51D86ECDA0FCAC490506 /* IncidentAlarmAttributes.swift in Sources */,
				0E04C12CE8C8FB55A85CBFBD /* IncidentAlarmScheduler.swift in Sources */,
				9D78FA391E6A115F041E23D0 /* IncidentIntents.swift in Sources */,
				ED2803F0D04A5E547665D02A /* AckQueueStore.swift in Sources */,
				356C4B6EB2F3C77BF0302A49 /* AlarmTriggerPath.swift in Sources */,
			);
			runOnlyForDeploymentPostprocessing = 0;
		};
/* End PBXSourcesBuildPhase section */

/* Begin PBXTargetDependency section */
		2D7C50090C08C0F32E2DDCE5 /* PBXTargetDependency */ = {
			isa = PBXTargetDependency;
			name = CritAlarmNSE;
			target = 05734ECE5496AD88F886B6DE /* CritAlarmNSE */;
			targetProxy = 6409452E10ACDD036D4D37E2 /* PBXContainerItemProxy */;
		};
		331C8086294A63A400263BE5 /* PBXTargetDependency */ = {
			isa = PBXTargetDependency;
			target = 97C146ED1CF9000F007C117D /* Runner */;
			targetProxy = 331C8085294A63A400263BE5 /* PBXContainerItemProxy */;
		};
		4BF7889A263BCA5B3DA9CD0D /* PBXTargetDependency */ = {
			isa = PBXTargetDependency;
			name = CritAlarmActivity;
			target = D86D592251E086420ADFCB9C /* CritAlarmActivity */;
			targetProxy = BCA8FC9E0A77CEA2C77BF6F2 /* PBXContainerItemProxy */;
		};
/* End PBXTargetDependency section */

/* Begin PBXVariantGroup section */
		97C146FA1CF9000F007C117D /* Main.storyboard */ = {
			isa = PBXVariantGroup;
			children = (
				97C146FB1CF9000F007C117D /* Base */,
			);
			name = Main.storyboard;
			sourceTree = "<group>";
		};
		97C146FF1CF9000F007C117D /* LaunchScreen.storyboard */ = {
			isa = PBXVariantGroup;
			children = (
				97C147001CF9000F007C117D /* Base */,
			);
			name = LaunchScreen.storyboard;
			sourceTree = "<group>";
		};
/* End PBXVariantGroup section */

/* Begin XCBuildConfiguration section */
		1975D97944473FC99642AEAD /* Debug */ = {
			isa = XCBuildConfiguration;
			baseConfigurationReference = EB39D2C24F513B2DC40B6462 /* Flutter/Extension.xcconfig */;
			buildSettings = {
				CLANG_ENABLE_OBJC_WEAK = NO;
				CODE_SIGN_ENTITLEMENTS = CritAlarmNSE/CritAlarmNSE.entitlements;
				CODE_SIGN_STYLE = Automatic;
				CURRENT_PROJECT_VERSION = "$(FLUTTER_BUILD_NUMBER)";
				DEVELOPMENT_TEAM = N358LNAWS2;
				GENERATE_INFOPLIST_FILE = NO;
				INFOPLIST_FILE = CritAlarmNSE/Info.plist;
				IPHONEOS_DEPLOYMENT_TARGET = 16.0;
				MARKETING_VERSION = "$(FLUTTER_BUILD_NAME)";
				PRODUCT_BUNDLE_IDENTIFIER = app.critalarm.CritAlarmNSE;
				PRODUCT_NAME = "$(TARGET_NAME)";
				SDKROOT = iphoneos;
				SKIP_INSTALL = YES;
				SWIFT_ACTIVE_COMPILATION_CONDITIONS = DEBUG;
				SWIFT_VERSION = 5.0;
				TARGETED_DEVICE_FAMILY = "1,2";
			};
			name = Debug;
		};
		249021D3217E4FDB00AE95B9 /* Profile */ = {
			isa = XCBuildConfiguration;
			buildSettings = {
				ALWAYS_SEARCH_USER_PATHS = NO;
				ASSETCATALOG_COMPILER_GENERATE_SWIFT_ASSET_SYMBOL_EXTENSIONS = YES;
				CLANG_ANALYZER_NONNULL = YES;
				CLANG_CXX_LANGUAGE_STANDARD = "gnu++0x";
				CLANG_CXX_LIBRARY = "libc++";
				CLANG_ENABLE_MODULES = YES;
				CLANG_ENABLE_OBJC_ARC = YES;
				CLANG_WARN_BLOCK_CAPTURE_AUTORELEASING = YES;
				CLANG_WARN_BOOL_CONVERSION = YES;
				CLANG_WARN_COMMA = YES;
				CLANG_WARN_CONSTANT_CONVERSION = YES;
				CLANG_WARN_DEPRECATED_OBJC_IMPLEMENTATIONS = YES;
				CLANG_WARN_DIRECT_OBJC_ISA_USAGE = YES_ERROR;
				CLANG_WARN_EMPTY_BODY = YES;
				CLANG_WARN_ENUM_CONVERSION = YES;
				CLANG_WARN_INFINITE_RECURSION = YES;
				CLANG_WARN_INT_CONVERSION = YES;
				CLANG_WARN_NON_LITERAL_NULL_CONVERSION = YES;
				CLANG_WARN_OBJC_IMPLICIT_RETAIN_SELF = YES;
				CLANG_WARN_OBJC_LITERAL_CONVERSION = YES;
				CLANG_WARN_OBJC_ROOT_CLASS = YES_ERROR;
				CLANG_WARN_RANGE_LOOP_ANALYSIS = YES;
				CLANG_WARN_STRICT_PROTOTYPES = YES;
				CLANG_WARN_SUSPICIOUS_MOVE = YES;
				CLANG_WARN_UNREACHABLE_CODE = YES;
				CLANG_WARN__DUPLICATE_METHOD_MATCH = YES;
				"CODE_SIGN_IDENTITY[sdk=iphoneos*]" = "iPhone Developer";
				COPY_PHASE_STRIP = NO;
				DEBUG_INFORMATION_FORMAT = "dwarf-with-dsym";
				ENABLE_NS_ASSERTIONS = NO;
				ENABLE_STRICT_OBJC_MSGSEND = YES;
				ENABLE_USER_SCRIPT_SANDBOXING = NO;
				GCC_C_LANGUAGE_STANDARD = gnu99;
				GCC_NO_COMMON_BLOCKS = YES;
				GCC_WARN_64_TO_32_BIT_CONVERSION = YES;
				GCC_WARN_ABOUT_RETURN_TYPE = YES_ERROR;
				GCC_WARN_UNDECLARED_SELECTOR = YES;
				GCC_WARN_UNINITIALIZED_AUTOS = YES_AGGRESSIVE;
				GCC_WARN_UNUSED_FUNCTION = YES;
				GCC_WARN_UNUSED_VARIABLE = YES;
				IPHONEOS_DEPLOYMENT_TARGET = 16.0;
				MTL_ENABLE_DEBUG_INFO = NO;
				SDKROOT = iphoneos;
				SUPPORTED_PLATFORMS = iphoneos;
				TARGETED_DEVICE_FAMILY = "1,2";
				VALIDATE_PRODUCT = YES;
			};
			name = Profile;
		};
		249021D4217E4FDB00AE95B9 /* Profile */ = {
			isa = XCBuildConfiguration;
			baseConfigurationReference = 7AFA3C8E1D35360C0083082E /* Release.xcconfig */;
			buildSettings = {
				ASSETCATALOG_COMPILER_APPICON_NAME = AppIcon;
				CLANG_ENABLE_MODULES = YES;
				CODE_SIGN_ENTITLEMENTS = Runner/Runner.entitlements;
				CURRENT_PROJECT_VERSION = "$(FLUTTER_BUILD_NUMBER)";
				DEVELOPMENT_TEAM = N358LNAWS2;
				ENABLE_BITCODE = NO;
				INFOPLIST_FILE = Runner/Info.plist;
				IPHONEOS_DEPLOYMENT_TARGET = 16.0;
				LD_RUNPATH_SEARCH_PATHS = (
					"$(inherited)",
					"@executable_path/Frameworks",
				);
				PRODUCT_BUNDLE_IDENTIFIER = app.critalarm;
				PRODUCT_NAME = "$(TARGET_NAME)";
				SWIFT_OBJC_BRIDGING_HEADER = "Runner/Runner-Bridging-Header.h";
				SWIFT_VERSION = 5.0;
				VERSIONING_SYSTEM = "apple-generic";
			};
			name = Profile;
		};
		331C8088294A63A400263BE5 /* Debug */ = {
			isa = XCBuildConfiguration;
			baseConfigurationReference = C73C2069E310F8EB7801AF18 /* Pods-RunnerTests.debug.xcconfig */;
			buildSettings = {
				BUNDLE_LOADER = "$(TEST_HOST)";
				CODE_SIGN_STYLE = Automatic;
				CURRENT_PROJECT_VERSION = 1;
				GENERATE_INFOPLIST_FILE = YES;
				IPHONEOS_DEPLOYMENT_TARGET = 16.0;
				MARKETING_VERSION = 1.0;
				PRODUCT_BUNDLE_IDENTIFIER = app.critalarm.RunnerTests;
				PRODUCT_NAME = "$(TARGET_NAME)";
				SWIFT_ACTIVE_COMPILATION_CONDITIONS = DEBUG;
				SWIFT_OPTIMIZATION_LEVEL = "-Onone";
				SWIFT_VERSION = 5.0;
				TEST_HOST = "$(BUILT_PRODUCTS_DIR)/Runner.app/$(BUNDLE_EXECUTABLE_FOLDER_PATH)/Runner";
			};
			name = Debug;
		};
		331C8089294A63A400263BE5 /* Release */ = {
			isa = XCBuildConfiguration;
			baseConfigurationReference = CC2DCCA88B5EE553B0939AE7 /* Pods-RunnerTests.release.xcconfig */;
			buildSettings = {
				BUNDLE_LOADER = "$(TEST_HOST)";
				CODE_SIGN_STYLE = Automatic;
				CURRENT_PROJECT_VERSION = 1;
				GENERATE_INFOPLIST_FILE = YES;
				IPHONEOS_DEPLOYMENT_TARGET = 16.0;
				MARKETING_VERSION = 1.0;
				PRODUCT_BUNDLE_IDENTIFIER = app.critalarm.RunnerTests;
				PRODUCT_NAME = "$(TARGET_NAME)";
				SWIFT_VERSION = 5.0;
				TEST_HOST = "$(BUILT_PRODUCTS_DIR)/Runner.app/$(BUNDLE_EXECUTABLE_FOLDER_PATH)/Runner";
			};
			name = Release;
		};
		331C808A294A63A400263BE5 /* Profile */ = {
			isa = XCBuildConfiguration;
			baseConfigurationReference = 1105D7A93BBCCB9025CD65A0 /* Pods-RunnerTests.profile.xcconfig */;
			buildSettings = {
				BUNDLE_LOADER = "$(TEST_HOST)";
				CODE_SIGN_STYLE = Automatic;
				CURRENT_PROJECT_VERSION = 1;
				GENERATE_INFOPLIST_FILE = YES;
				IPHONEOS_DEPLOYMENT_TARGET = 16.0;
				MARKETING_VERSION = 1.0;
				PRODUCT_BUNDLE_IDENTIFIER = app.critalarm.RunnerTests;
				PRODUCT_NAME = "$(TARGET_NAME)";
				SWIFT_VERSION = 5.0;
				TEST_HOST = "$(BUILT_PRODUCTS_DIR)/Runner.app/$(BUNDLE_EXECUTABLE_FOLDER_PATH)/Runner";
			};
			name = Profile;
		};
		5ABDCAD4CF76000F11FF293E /* Profile */ = {
			isa = XCBuildConfiguration;
			baseConfigurationReference = EB39D2C24F513B2DC40B6462 /* Flutter/Extension.xcconfig */;
			buildSettings = {
				ASSETCATALOG_COMPILER_GLOBAL_ACCENT_COLOR_NAME = AccentColor;
				ASSETCATALOG_COMPILER_WIDGET_BACKGROUND_COLOR_NAME = WidgetBackground;
				CLANG_ENABLE_OBJC_WEAK = NO;
				CODE_SIGN_ENTITLEMENTS = CritAlarmActivity/CritAlarmActivity.entitlements;
				CODE_SIGN_STYLE = Automatic;
				CURRENT_PROJECT_VERSION = "$(FLUTTER_BUILD_NUMBER)";
				DEVELOPMENT_TEAM = N358LNAWS2;
				GENERATE_INFOPLIST_FILE = NO;
				INFOPLIST_FILE = CritAlarmActivity/Info.plist;
				IPHONEOS_DEPLOYMENT_TARGET = 17.2;
				MARKETING_VERSION = "$(FLUTTER_BUILD_NAME)";
				PRODUCT_BUNDLE_IDENTIFIER = app.critalarm.CritAlarmActivity;
				PRODUCT_NAME = "$(TARGET_NAME)";
				SDKROOT = iphoneos;
				SKIP_INSTALL = YES;
				SWIFT_ACTIVE_COMPILATION_CONDITIONS = "";
				SWIFT_EMIT_LOC_STRINGS = YES;
				SWIFT_VERSION = 5.0;
				TARGETED_DEVICE_FAMILY = "1,2";
				VALIDATE_PRODUCT = YES;
			};
			name = Profile;
		};
		5FE842979ED74CB6CA887F53 /* Release */ = {
			isa = XCBuildConfiguration;
			baseConfigurationReference = EB39D2C24F513B2DC40B6462 /* Flutter/Extension.xcconfig */;
			buildSettings = {
				CLANG_ENABLE_OBJC_WEAK = NO;
				CODE_SIGN_ENTITLEMENTS = CritAlarmNSE/CritAlarmNSE.entitlements;
				CODE_SIGN_STYLE = Automatic;
				CURRENT_PROJECT_VERSION = "$(FLUTTER_BUILD_NUMBER)";
				DEVELOPMENT_TEAM = N358LNAWS2;
				GENERATE_INFOPLIST_FILE = NO;
				INFOPLIST_FILE = CritAlarmNSE/Info.plist;
				IPHONEOS_DEPLOYMENT_TARGET = 16.0;
				MARKETING_VERSION = "$(FLUTTER_BUILD_NAME)";
				PRODUCT_BUNDLE_IDENTIFIER = app.critalarm.CritAlarmNSE;
				PRODUCT_NAME = "$(TARGET_NAME)";
				SDKROOT = iphoneos;
				SKIP_INSTALL = YES;
				SWIFT_VERSION = 5.0;
				TARGETED_DEVICE_FAMILY = "1,2";
				VALIDATE_PRODUCT = YES;
			};
			name = Release;
		};
		71E8BBDC036EA1DEE064EFC3 /* Debug */ = {
			isa = XCBuildConfiguration;
			baseConfigurationReference = EB39D2C24F513B2DC40B6462 /* Flutter/Extension.xcconfig */;
			buildSettings = {
				ASSETCATALOG_COMPILER_GLOBAL_ACCENT_COLOR_NAME = AccentColor;
				ASSETCATALOG_COMPILER_WIDGET_BACKGROUND_COLOR_NAME = WidgetBackground;
				CLANG_ENABLE_OBJC_WEAK = NO;
				CODE_SIGN_ENTITLEMENTS = CritAlarmActivity/CritAlarmActivity.entitlements;
				CODE_SIGN_STYLE = Automatic;
				CURRENT_PROJECT_VERSION = "$(FLUTTER_BUILD_NUMBER)";
				DEVELOPMENT_TEAM = N358LNAWS2;
				GENERATE_INFOPLIST_FILE = NO;
				INFOPLIST_FILE = CritAlarmActivity/Info.plist;
				IPHONEOS_DEPLOYMENT_TARGET = 17.2;
				MARKETING_VERSION = "$(FLUTTER_BUILD_NAME)";
				PRODUCT_BUNDLE_IDENTIFIER = app.critalarm.CritAlarmActivity;
				PRODUCT_NAME = "$(TARGET_NAME)";
				SDKROOT = iphoneos;
				SKIP_INSTALL = YES;
				SWIFT_ACTIVE_COMPILATION_CONDITIONS = DEBUG;
				SWIFT_EMIT_LOC_STRINGS = YES;
				SWIFT_VERSION = 5.0;
				TARGETED_DEVICE_FAMILY = "1,2";
			};
			name = Debug;
		};
		79433A94C06309CE232B2487 /* Release */ = {
			isa = XCBuildConfiguration;
			baseConfigurationReference = EB39D2C24F513B2DC40B6462 /* Flutter/Extension.xcconfig */;
			buildSettings = {
				ASSETCATALOG_COMPILER_GLOBAL_ACCENT_COLOR_NAME = AccentColor;
				ASSETCATALOG_COMPILER_WIDGET_BACKGROUND_COLOR_NAME = WidgetBackground;
				CLANG_ENABLE_OBJC_WEAK = NO;
				CODE_SIGN_ENTITLEMENTS = CritAlarmActivity/CritAlarmActivity.entitlements;
				CODE_SIGN_STYLE = Automatic;
				CURRENT_PROJECT_VERSION = "$(FLUTTER_BUILD_NUMBER)";
				DEVELOPMENT_TEAM = N358LNAWS2;
				GENERATE_INFOPLIST_FILE = NO;
				INFOPLIST_FILE = CritAlarmActivity/Info.plist;
				IPHONEOS_DEPLOYMENT_TARGET = 17.2;
				MARKETING_VERSION = "$(FLUTTER_BUILD_NAME)";
				PRODUCT_BUNDLE_IDENTIFIER = app.critalarm.CritAlarmActivity;
				PRODUCT_NAME = "$(TARGET_NAME)";
				SDKROOT = iphoneos;
				SKIP_INSTALL = YES;
				SWIFT_ACTIVE_COMPILATION_CONDITIONS = "";
				SWIFT_EMIT_LOC_STRINGS = YES;
				SWIFT_VERSION = 5.0;
				TARGETED_DEVICE_FAMILY = "1,2";
				VALIDATE_PRODUCT = YES;
			};
			name = Release;
		};
		97C147031CF9000F007C117D /* Debug */ = {
			isa = XCBuildConfiguration;
			buildSettings = {
				ALWAYS_SEARCH_USER_PATHS = NO;
				ASSETCATALOG_COMPILER_GENERATE_SWIFT_ASSET_SYMBOL_EXTENSIONS = AppIcon;
				CLANG_ANALYZER_NONNULL = YES;
				CLANG_CXX_LANGUAGE_STANDARD = "gnu++0x";
				CLANG_CXX_LIBRARY = "libc++";
				CLANG_ENABLE_MODULES = YES;
				CLANG_ENABLE_OBJC_ARC = YES;
				CLANG_WARN_BLOCK_CAPTURE_AUTORELEASING = YES;
				CLANG_WARN_BOOL_CONVERSION = YES;
				CLANG_WARN_COMMA = YES;
				CLANG_WARN_CONSTANT_CONVERSION = YES;
				CLANG_WARN_DEPRECATED_OBJC_IMPLEMENTATIONS = YES;
				CLANG_WARN_DIRECT_OBJC_ISA_USAGE = YES_ERROR;
				CLANG_WARN_EMPTY_BODY = YES;
				CLANG_WARN_ENUM_CONVERSION = YES;
				CLANG_WARN_INFINITE_RECURSION = YES;
				CLANG_WARN_INT_CONVERSION = YES;
				CLANG_WARN_NON_LITERAL_NULL_CONVERSION = YES;
				CLANG_WARN_OBJC_IMPLICIT_RETAIN_SELF = YES;
				CLANG_WARN_OBJC_LITERAL_CONVERSION = YES;
				CLANG_WARN_OBJC_ROOT_CLASS = YES_ERROR;
				CLANG_WARN_RANGE_LOOP_ANALYSIS = YES;
				CLANG_WARN_STRICT_PROTOTYPES = YES;
				CLANG_WARN_SUSPICIOUS_MOVE = YES;
				CLANG_WARN_UNREACHABLE_CODE = YES;
				CLANG_WARN__DUPLICATE_METHOD_MATCH = YES;
				"CODE_SIGN_IDENTITY[sdk=iphoneos*]" = "iPhone Developer";
				COPY_PHASE_STRIP = NO;
				DEBUG_INFORMATION_FORMAT = dwarf;
				ENABLE_STRICT_OBJC_MSGSEND = YES;
				ENABLE_TESTABILITY = YES;
				ENABLE_USER_SCRIPT_SANDBOXING = NO;
				GCC_C_LANGUAGE_STANDARD = gnu99;
				GCC_DYNAMIC_NO_PIC = NO;
				GCC_NO_COMMON_BLOCKS = YES;
				GCC_OPTIMIZATION_LEVEL = 0;
				GCC_PREPROCESSOR_DEFINITIONS = (
					"DEBUG=1",
					"$(inherited)",
				);
				GCC_WARN_64_TO_32_BIT_CONVERSION = YES;
				GCC_WARN_ABOUT_RETURN_TYPE = YES_ERROR;
				GCC_WARN_UNDECLARED_SELECTOR = YES;
				GCC_WARN_UNINITIALIZED_AUTOS = YES_AGGRESSIVE;
				GCC_WARN_UNUSED_FUNCTION = YES;
				GCC_WARN_UNUSED_VARIABLE = YES;
				IPHONEOS_DEPLOYMENT_TARGET = 16.0;
				MTL_ENABLE_DEBUG_INFO = YES;
				ONLY_ACTIVE_ARCH = YES;
				SDKROOT = iphoneos;
				TARGETED_DEVICE_FAMILY = "1,2";
			};
			name = Debug;
		};
		97C147041CF9000F007C117D /* Release */ = {
			isa = XCBuildConfiguration;
			buildSettings = {
				ALWAYS_SEARCH_USER_PATHS = NO;
				ASSETCATALOG_COMPILER_GENERATE_SWIFT_ASSET_SYMBOL_EXTENSIONS = AppIcon;
				CLANG_ANALYZER_NONNULL = YES;
				CLANG_CXX_LANGUAGE_STANDARD = "gnu++0x";
				CLANG_CXX_LIBRARY = "libc++";
				CLANG_ENABLE_MODULES = YES;
				CLANG_ENABLE_OBJC_ARC = YES;
				CLANG_WARN_BLOCK_CAPTURE_AUTORELEASING = YES;
				CLANG_WARN_BOOL_CONVERSION = YES;
				CLANG_WARN_COMMA = YES;
				CLANG_WARN_CONSTANT_CONVERSION = YES;
				CLANG_WARN_DEPRECATED_OBJC_IMPLEMENTATIONS = YES;
				CLANG_WARN_DIRECT_OBJC_ISA_USAGE = YES_ERROR;
				CLANG_WARN_EMPTY_BODY = YES;
				CLANG_WARN_ENUM_CONVERSION = YES;
				CLANG_WARN_INFINITE_RECURSION = YES;
				CLANG_WARN_INT_CONVERSION = YES;
				CLANG_WARN_NON_LITERAL_NULL_CONVERSION = YES;
				CLANG_WARN_OBJC_IMPLICIT_RETAIN_SELF = YES;
				CLANG_WARN_OBJC_LITERAL_CONVERSION = YES;
				CLANG_WARN_OBJC_ROOT_CLASS = YES_ERROR;
				CLANG_WARN_RANGE_LOOP_ANALYSIS = YES;
				CLANG_WARN_STRICT_PROTOTYPES = YES;
				CLANG_WARN_SUSPICIOUS_MOVE = YES;
				CLANG_WARN_UNREACHABLE_CODE = YES;
				CLANG_WARN__DUPLICATE_METHOD_MATCH = YES;
				"CODE_SIGN_IDENTITY[sdk=iphoneos*]" = "iPhone Developer";
				COPY_PHASE_STRIP = NO;
				DEBUG_INFORMATION_FORMAT = "dwarf-with-dsym";
				ENABLE_NS_ASSERTIONS = NO;
				ENABLE_STRICT_OBJC_MSGSEND = YES;
				ENABLE_USER_SCRIPT_SANDBOXING = NO;
				GCC_C_LANGUAGE_STANDARD = gnu99;
				GCC_NO_COMMON_BLOCKS = YES;
				GCC_WARN_64_TO_32_BIT_CONVERSION = YES;
				GCC_WARN_ABOUT_RETURN_TYPE = YES_ERROR;
				GCC_WARN_UNDECLARED_SELECTOR = YES;
				GCC_WARN_UNINITIALIZED_AUTOS = YES_AGGRESSIVE;
				GCC_WARN_UNUSED_FUNCTION = YES;
				GCC_WARN_UNUSED_VARIABLE = YES;
				IPHONEOS_DEPLOYMENT_TARGET = 16.0;
				MTL_ENABLE_DEBUG_INFO = NO;
				SDKROOT = iphoneos;
				SUPPORTED_PLATFORMS = iphoneos;
				SWIFT_COMPILATION_MODE = wholemodule;
				SWIFT_OPTIMIZATION_LEVEL = "-O";
				TARGETED_DEVICE_FAMILY = "1,2";
				VALIDATE_PRODUCT = YES;
			};
			name = Release;
		};
		97C147061CF9000F007C117D /* Debug */ = {
			isa = XCBuildConfiguration;
			baseConfigurationReference = 9740EEB21CF90195004384FC /* Debug.xcconfig */;
			buildSettings = {
				ASSETCATALOG_COMPILER_APPICON_NAME = AppIcon;
				CLANG_ENABLE_MODULES = YES;
				CODE_SIGN_ENTITLEMENTS = Runner/Runner.entitlements;
				CURRENT_PROJECT_VERSION = "$(FLUTTER_BUILD_NUMBER)";
				DEVELOPMENT_TEAM = N358LNAWS2;
				ENABLE_BITCODE = NO;
				INFOPLIST_FILE = Runner/Info.plist;
				IPHONEOS_DEPLOYMENT_TARGET = 16.0;
				LD_RUNPATH_SEARCH_PATHS = (
					"$(inherited)",
					"@executable_path/Frameworks",
				);
				PRODUCT_BUNDLE_IDENTIFIER = app.critalarm;
				PRODUCT_NAME = "$(TARGET_NAME)";
				SWIFT_ACTIVE_COMPILATION_CONDITIONS = DEBUG;
				SWIFT_OBJC_BRIDGING_HEADER = "Runner/Runner-Bridging-Header.h";
				SWIFT_OPTIMIZATION_LEVEL = "-Onone";
				SWIFT_VERSION = 5.0;
				VERSIONING_SYSTEM = "apple-generic";
			};
			name = Debug;
		};
		97C147071CF9000F007C117D /* Release */ = {
			isa = XCBuildConfiguration;
			baseConfigurationReference = 7AFA3C8E1D35360C0083082E /* Release.xcconfig */;
			buildSettings = {
				ASSETCATALOG_COMPILER_APPICON_NAME = AppIcon;
				CLANG_ENABLE_MODULES = YES;
				CODE_SIGN_ENTITLEMENTS = Runner/RunnerRelease.entitlements;
				CURRENT_PROJECT_VERSION = "$(FLUTTER_BUILD_NUMBER)";
				DEVELOPMENT_TEAM = N358LNAWS2;
				ENABLE_BITCODE = NO;
				INFOPLIST_FILE = Runner/Info.plist;
				IPHONEOS_DEPLOYMENT_TARGET = 16.0;
				LD_RUNPATH_SEARCH_PATHS = (
					"$(inherited)",
					"@executable_path/Frameworks",
				);
				PRODUCT_BUNDLE_IDENTIFIER = app.critalarm;
				PRODUCT_NAME = "$(TARGET_NAME)";
				SWIFT_OBJC_BRIDGING_HEADER = "Runner/Runner-Bridging-Header.h";
				SWIFT_VERSION = 5.0;
				VERSIONING_SYSTEM = "apple-generic";
			};
			name = Release;
		};
		C5480033E11DD857CF0045AD /* Profile */ = {
			isa = XCBuildConfiguration;
			baseConfigurationReference = EB39D2C24F513B2DC40B6462 /* Flutter/Extension.xcconfig */;
			buildSettings = {
				CLANG_ENABLE_OBJC_WEAK = NO;
				CODE_SIGN_ENTITLEMENTS = CritAlarmNSE/CritAlarmNSE.entitlements;
				CODE_SIGN_STYLE = Automatic;
				CURRENT_PROJECT_VERSION = "$(FLUTTER_BUILD_NUMBER)";
				DEVELOPMENT_TEAM = N358LNAWS2;
				GENERATE_INFOPLIST_FILE = NO;
				INFOPLIST_FILE = CritAlarmNSE/Info.plist;
				IPHONEOS_DEPLOYMENT_TARGET = 16.0;
				MARKETING_VERSION = "$(FLUTTER_BUILD_NAME)";
				PRODUCT_BUNDLE_IDENTIFIER = app.critalarm.CritAlarmNSE;
				PRODUCT_NAME = "$(TARGET_NAME)";
				SDKROOT = iphoneos;
				SKIP_INSTALL = YES;
				SWIFT_VERSION = 5.0;
				TARGETED_DEVICE_FAMILY = "1,2";
				VALIDATE_PRODUCT = YES;
			};
			name = Profile;
		};
/* End XCBuildConfiguration section */

/* Begin XCConfigurationList section */
		331C8087294A63A400263BE5 /* Build configuration list for PBXNativeTarget "RunnerTests" */ = {
			isa = XCConfigurationList;
			buildConfigurations = (
				331C8088294A63A400263BE5 /* Debug */,
				331C8089294A63A400263BE5 /* Release */,
				331C808A294A63A400263BE5 /* Profile */,
			);
			defaultConfigurationIsVisible = 0;
			defaultConfigurationName = Release;
		};
		33AEE4C5B228DF034677545D /* Build configuration list for PBXNativeTarget "CritAlarmNSE" */ = {
			isa = XCConfigurationList;
			buildConfigurations = (
				5FE842979ED74CB6CA887F53 /* Release */,
				1975D97944473FC99642AEAD /* Debug */,
				C5480033E11DD857CF0045AD /* Profile */,
			);
			defaultConfigurationIsVisible = 0;
			defaultConfigurationName = Release;
		};
		5DAC28EF00695246D806B488 /* Build configuration list for PBXNativeTarget "CritAlarmActivity" */ = {
			isa = XCConfigurationList;
			buildConfigurations = (
				79433A94C06309CE232B2487 /* Release */,
				71E8BBDC036EA1DEE064EFC3 /* Debug */,
				5ABDCAD4CF76000F11FF293E /* Profile */,
			);
			defaultConfigurationIsVisible = 0;
			defaultConfigurationName = Release;
		};
		97C146E91CF9000F007C117D /* Build configuration list for PBXProject "Runner" */ = {
			isa = XCConfigurationList;
			buildConfigurations = (
				97C147031CF9000F007C117D /* Debug */,
				97C147041CF9000F007C117D /* Release */,
				249021D3217E4FDB00AE95B9 /* Profile */,
			);
			defaultConfigurationIsVisible = 0;
			defaultConfigurationName = Release;
		};
		97C147051CF9000F007C117D /* Build configuration list for PBXNativeTarget "Runner" */ = {
			isa = XCConfigurationList;
			buildConfigurations = (
				97C147061CF9000F007C117D /* Debug */,
				97C147071CF9000F007C117D /* Release */,
				249021D4217E4FDB00AE95B9 /* Profile */,
			);
			defaultConfigurationIsVisible = 0;
			defaultConfigurationName = Release;
		};
/* End XCConfigurationList section */

/* Begin XCLocalSwiftPackageReference section */
		781AD8BC2B33823900A9FFBB /* XCLocalSwiftPackageReference "Flutter/ephemeral/Packages/FlutterGeneratedPluginSwiftPackage" */ = {
			isa = XCLocalSwiftPackageReference;
			relativePath = Flutter/ephemeral/Packages/FlutterGeneratedPluginSwiftPackage;
		};
/* End XCLocalSwiftPackageReference section */

/* Begin XCSwiftPackageProductDependency section */
		78A3181F2AECB46A00862997 /* FlutterGeneratedPluginSwiftPackage */ = {
			isa = XCSwiftPackageProductDependency;
			productName = FlutterGeneratedPluginSwiftPackage;
		};
/* End XCSwiftPackageProductDependency section */
	};
	rootObject = 97C146E61CF9000F007C117D /* Project object */;
}
